// !$*UTF8*$!
{
	archiveVersion = 1;
	classes = {
	};
	objectVersion = 50;
	objects = {

/* Begin PBXBuildFile section */
		1B34EAEB247521F6009AC43B /* PPBaseViewController.swift in Sources */ = {isa = PBXBuildFile; fileRef = 1B34EAEA247521F6009AC43B /* PPBaseViewController.swift */; };
		1B34EAED24761A42009AC43B /* PPCanvasViewController.swift in Sources */ = {isa = PBXBuildFile; fileRef = 1B34EAEC24761A42009AC43B /* PPCanvasViewController.swift */; };
		1B34EAF124761FA3009AC43B /* PPFolderViewController.swift in Sources */ = {isa = PBXBuildFile; fileRef = 1B34EAF024761FA3009AC43B /* PPFolderViewController.swift */; };
		1B34EAF52476311A009AC43B /* MagicMoveAnimator.swift in Sources */ = {isa = PBXBuildFile; fileRef = 1B34EAF42476311A009AC43B /* MagicMoveAnimator.swift */; };
		1B34EAF72477BCF0009AC43B /* PPFolderNavigationBar.swift in Sources */ = {isa = PBXBuildFile; fileRef = 1B34EAF62477BCF0009AC43B /* PPFolderNavigationBar.swift */; };
		1B34EAF92477C521009AC43B /* Extension+UIcolor.swift in Sources */ = {isa = PBXBuildFile; fileRef = 1B34EAF82477C521009AC43B /* Extension+UIcolor.swift */; };
		1B3C39D62462CCD60082AF94 /* AppDelegate.swift in Sources */ = {isa = PBXBuildFile; fileRef = 1B3C39D52462CCD60082AF94 /* AppDelegate.swift */; };
		1B3C39D82462CCD60082AF94 /* SceneDelegate.swift in Sources */ = {isa = PBXBuildFile; fileRef = 1B3C39D72462CCD60082AF94 /* SceneDelegate.swift */; };
		1B3C39DD2462CCD60082AF94 /* Main.storyboard in Resources */ = {isa = PBXBuildFile; fileRef = 1B3C39DB2462CCD60082AF94 /* Main.storyboard */; };
		1B3C39DF2462CCDE0082AF94 /* Assets.xcassets in Resources */ = {isa = PBXBuildFile; fileRef = 1B3C39DE2462CCDE0082AF94 /* Assets.xcassets */; };
		1B3C39E22462CCDE0082AF94 /* LaunchScreen.storyboard in Resources */ = {isa = PBXBuildFile; fileRef = 1B3C39E02462CCDE0082AF94 /* LaunchScreen.storyboard */; };
		1B9E6728247A29DC00D649B3 /* PPFolderCollectionViewFlowLayout.swift in Sources */ = {isa = PBXBuildFile; fileRef = 1B9E6727247A29DC00D649B3 /* PPFolderCollectionViewFlowLayout.swift */; };
		1B9E672A247A2AB300D649B3 /* Common.swift in Sources */ = {isa = PBXBuildFile; fileRef = 1B9E6729247A2AB300D649B3 /* Common.swift */; };
		1B9E672C247BD41F00D649B3 /* PPFolderCollectionViewCell.swift in Sources */ = {isa = PBXBuildFile; fileRef = 1B9E672B247BD41F00D649B3 /* PPFolderCollectionViewCell.swift */; };
		1B9F013C2493714500D7473D /* PPDotButton.swift in Sources */ = {isa = PBXBuildFile; fileRef = 1B9F013B2493714500D7473D /* PPDotButton.swift */; };
		1B9F0143249B829200D7473D /* PPToastViewControllerDelegate.swift in Sources */ = {isa = PBXBuildFile; fileRef = 1B9F0142249B829200D7473D /* PPToastViewControllerDelegate.swift */; };
		1B9F0146249B831D00D7473D /* PPNewFileToast.swift in Sources */ = {isa = PBXBuildFile; fileRef = 1B9F0145249B831D00D7473D /* PPNewFileToast.swift */; };
		1BF7228224A7658400F301D4 /* PPRoundedButton.swift in Sources */ = {isa = PBXBuildFile; fileRef = 1BF7228124A7658400F301D4 /* PPRoundedButton.swift */; };
		38241CB9BD9C7728BAC23700 /* Pods_ProtoPipe.framework in Frameworks */ = {isa = PBXBuildFile; fileRef = 1A5D18D6BD1039EFFC580209 /* Pods_ProtoPipe.framework */; };
		83CDE7A324973EB000BB72FB /* PPFolderCollectionViewModel.swift in Sources */ = {isa = PBXBuildFile; fileRef = 83CDE7A224973EB000BB72FB /* PPFolderCollectionViewModel.swift */; };
		83CDE7A82498934600BB72FB /* PPToastViewController.swift in Sources */ = {isa = PBXBuildFile; fileRef = 83CDE7A72498934600BB72FB /* PPToastViewController.swift */; };
		83CDE7AA2498ACB100BB72FB /* PPExtensions.swift in Sources */ = {isa = PBXBuildFile; fileRef = 83CDE7A92498ACB100BB72FB /* PPExtensions.swift */; };
		83CDE7AC2498B1F800BB72FB /* PPToastNavigationBar.swift in Sources */ = {isa = PBXBuildFile; fileRef = 83CDE7AB2498B1F800BB72FB /* PPToastNavigationBar.swift */; };
/* End PBXBuildFile section */

/* Begin PBXFileReference section */
		1A5D18D6BD1039EFFC580209 /* Pods_ProtoPipe.framework */ = {isa = PBXFileReference; explicitFileType = wrapper.framework; includeInIndex = 0; path = Pods_ProtoPipe.framework; sourceTree = BUILT_PRODUCTS_DIR; };
		1B34EAEA247521F6009AC43B /* PPBaseViewController.swift */ = {isa = PBXFileReference; lastKnownFileType = sourcecode.swift; path = PPBaseViewController.swift; sourceTree = "<group>"; };
		1B34EAEC24761A42009AC43B /* PPCanvasViewController.swift */ = {isa = PBXFileReference; lastKnownFileType = sourcecode.swift; path = PPCanvasViewController.swift; sourceTree = "<group>"; };
		1B34EAF024761FA3009AC43B /* PPFolderViewController.swift */ = {isa = PBXFileReference; lastKnownFileType = sourcecode.swift; path = PPFolderViewController.swift; sourceTree = "<group>"; };
		1B34EAF42476311A009AC43B /* MagicMoveAnimator.swift */ = {isa = PBXFileReference; lastKnownFileType = sourcecode.swift; path = MagicMoveAnimator.swift; sourceTree = "<group>"; };
		1B34EAF62477BCF0009AC43B /* PPFolderNavigationBar.swift */ = {isa = PBXFileReference; lastKnownFileType = sourcecode.swift; path = PPFolderNavigationBar.swift; sourceTree = "<group>"; };
		1B34EAF82477C521009AC43B /* Extension+UIcolor.swift */ = {isa = PBXFileReference; fileEncoding = 4; lastKnownFileType = sourcecode.swift; path = "Extension+UIcolor.swift"; sourceTree = "<group>"; };
		1B3C39D22462CCD60082AF94 /* ProtoPipe.app */ = {isa = PBXFileReference; explicitFileType = wrapper.application; includeInIndex = 0; path = ProtoPipe.app; sourceTree = BUILT_PRODUCTS_DIR; };
		1B3C39D52462CCD60082AF94 /* AppDelegate.swift */ = {isa = PBXFileReference; lastKnownFileType = sourcecode.swift; path = AppDelegate.swift; sourceTree = "<group>"; };
		1B3C39D72462CCD60082AF94 /* SceneDelegate.swift */ = {isa = PBXFileReference; lastKnownFileType = sourcecode.swift; path = SceneDelegate.swift; sourceTree = "<group>"; };
		1B3C39DC2462CCD60082AF94 /* Base */ = {isa = PBXFileReference; lastKnownFileType = file.storyboard; name = Base; path = Base.lproj/Main.storyboard; sourceTree = "<group>"; };
		1B3C39DE2462CCDE0082AF94 /* Assets.xcassets */ = {isa = PBXFileReference; lastKnownFileType = folder.assetcatalog; path = Assets.xcassets; sourceTree = "<group>"; };
		1B3C39E12462CCDE0082AF94 /* Base */ = {isa = PBXFileReference; lastKnownFileType = file.storyboard; name = Base; path = Base.lproj/LaunchScreen.storyboard; sourceTree = "<group>"; };
		1B3C39E32462CCDE0082AF94 /* Info.plist */ = {isa = PBXFileReference; lastKnownFileType = text.plist.xml; path = Info.plist; sourceTree = "<group>"; };
		1B9E6727247A29DC00D649B3 /* PPFolderCollectionViewFlowLayout.swift */ = {isa = PBXFileReference; lastKnownFileType = sourcecode.swift; path = PPFolderCollectionViewFlowLayout.swift; sourceTree = "<group>"; };
		1B9E6729247A2AB300D649B3 /* Common.swift */ = {isa = PBXFileReference; lastKnownFileType = sourcecode.swift; path = Common.swift; sourceTree = "<group>"; };
		1B9E672B247BD41F00D649B3 /* PPFolderCollectionViewCell.swift */ = {isa = PBXFileReference; lastKnownFileType = sourcecode.swift; path = PPFolderCollectionViewCell.swift; sourceTree = "<group>"; };
		1B9F013B2493714500D7473D /* PPDotButton.swift */ = {isa = PBXFileReference; lastKnownFileType = sourcecode.swift; path = PPDotButton.swift; sourceTree = "<group>"; };
		1B9F0142249B829200D7473D /* PPToastViewControllerDelegate.swift */ = {isa = PBXFileReference; lastKnownFileType = sourcecode.swift; path = PPToastViewControllerDelegate.swift; sourceTree = "<group>"; };
		1B9F0145249B831D00D7473D /* PPNewFileToast.swift */ = {isa = PBXFileReference; lastKnownFileType = sourcecode.swift; path = PPNewFileToast.swift; sourceTree = "<group>"; };
		1BF7228124A7658400F301D4 /* PPRoundedButton.swift */ = {isa = PBXFileReference; lastKnownFileType = sourcecode.swift; path = PPRoundedButton.swift; sourceTree = "<group>"; };
		334305D6CEA0E208BF38B60B /* Pods-ProtoPipe.debug.xcconfig */ = {isa = PBXFileReference; includeInIndex = 1; lastKnownFileType = text.xcconfig; name = "Pods-ProtoPipe.debug.xcconfig"; path = "Pods/Target Support Files/Pods-ProtoPipe/Pods-ProtoPipe.debug.xcconfig"; sourceTree = "<group>"; };
		4567E6E41458F82F47AB6789 /* Pods-ProtoPipe.release.xcconfig */ = {isa = PBXFileReference; includeInIndex = 1; lastKnownFileType = text.xcconfig; name = "Pods-ProtoPipe.release.xcconfig"; path = "Pods/Target Support Files/Pods-ProtoPipe/Pods-ProtoPipe.release.xcconfig"; sourceTree = "<group>"; };
		83CDE7A224973EB000BB72FB /* PPFolderCollectionViewModel.swift */ = {isa = PBXFileReference; lastKnownFileType = sourcecode.swift; path = PPFolderCollectionViewModel.swift; sourceTree = "<group>"; };
		83CDE7A72498934600BB72FB /* PPToastViewController.swift */ = {isa = PBXFileReference; lastKnownFileType = sourcecode.swift; path = PPToastViewController.swift; sourceTree = "<group>"; };
		83CDE7A92498ACB100BB72FB /* PPExtensions.swift */ = {isa = PBXFileReference; lastKnownFileType = sourcecode.swift; path = PPExtensions.swift; sourceTree = "<group>"; };
		83CDE7AB2498B1F800BB72FB /* PPToastNavigationBar.swift */ = {isa = PBXFileReference; lastKnownFileType = sourcecode.swift; path = PPToastNavigationBar.swift; sourceTree = "<group>"; };
/* End PBXFileReference section */

/* Begin PBXFrameworksBuildPhase section */
		1B3C39CF2462CCD60082AF94 /* Frameworks */ = {
			isa = PBXFrameworksBuildPhase;
			buildActionMask = 2147483647;
			files = (
				38241CB9BD9C7728BAC23700 /* Pods_ProtoPipe.framework in Frameworks */,
			);
			runOnlyForDeploymentPostprocessing = 0;
		};
/* End PBXFrameworksBuildPhase section */

/* Begin PBXGroup section */
		1B3C39C92462CCD60082AF94 = {
			isa = PBXGroup;
			children = (
				1B3C39D42462CCD60082AF94 /* ProtoPipe */,
				1B3C39D32462CCD60082AF94 /* Products */,
				CBDEE16C4134271683D3E407 /* Pods */,
				BCBBD3E578BDEBB343B337F0 /* Frameworks */,
			);
			sourceTree = "<group>";
		};
		1B3C39D32462CCD60082AF94 /* Products */ = {
			isa = PBXGroup;
			children = (
				1B3C39D22462CCD60082AF94 /* ProtoPipe.app */,
			);
			name = Products;
			sourceTree = "<group>";
		};
		1B3C39D42462CCD60082AF94 /* ProtoPipe */ = {
			isa = PBXGroup;
			children = (
				1B9F0140249372C700D7473D /* ProjectScene */,
				1B9F013E2493717000D7473D /* Transition */,
				1BF7227F24A7635000F301D4 /* Utils */,
				1B9F013D2493715200D7473D /* Helpers */,
				83CDE7A42497510300BB72FB /* DataResource */,
				1B9F01412493735100D7473D /* SupportFiles */,
				1B3C39E32462CCDE0082AF94 /* Info.plist */,
			);
			path = ProtoPipe;
			sourceTree = "<group>";
		};
		1B9E6726247A185D00D649B3 /* FolderViewController */ = {
			isa = PBXGroup;
			children = (
				1B34EAF024761FA3009AC43B /* PPFolderViewController.swift */,
				1B34EAF62477BCF0009AC43B /* PPFolderNavigationBar.swift */,
				83CDE7AE2499AAD700BB72FB /* CollectionView */,
				1B9F0144249B82B900D7473D /* Toasts */,
			);
			path = FolderViewController;
			sourceTree = "<group>";
		};
		1B9F013D2493715200D7473D /* Helpers */ = {
			isa = PBXGroup;
			children = (
				83CDE7A92498ACB100BB72FB /* PPExtensions.swift */,
				1B34EAF82477C521009AC43B /* Extension+UIcolor.swift */,
				1B9E6729247A2AB300D649B3 /* Common.swift */,
			);
			path = Helpers;
			sourceTree = "<group>";
		};
		1B9F013E2493717000D7473D /* Transition */ = {
			isa = PBXGroup;
			children = (
				1B34EAF42476311A009AC43B /* MagicMoveAnimator.swift */,
			);
			path = Transition;
			sourceTree = "<group>";
		};
		1B9F013F2493718E00D7473D /* CanvasViewController */ = {
			isa = PBXGroup;
			children = (
				1B34EAEC24761A42009AC43B /* PPCanvasViewController.swift */,
			);
			path = CanvasViewController;
			sourceTree = "<group>";
		};
		1B9F0140249372C700D7473D /* ProjectScene */ = {
			isa = PBXGroup;
			children = (
				1B34EAEA247521F6009AC43B /* PPBaseViewController.swift */,
				83CDE7AD2498B1FE00BB72FB /* ToastViewController */,
				1B9E6726247A185D00D649B3 /* FolderViewController */,
				1B9F013F2493718E00D7473D /* CanvasViewController */,
			);
			path = ProjectScene;
			sourceTree = "<group>";
		};
		1B9F01412493735100D7473D /* SupportFiles */ = {
			isa = PBXGroup;
			children = (
				1B3C39D72462CCD60082AF94 /* SceneDelegate.swift */,
				1B3C39D52462CCD60082AF94 /* AppDelegate.swift */,
				1B3C39DB2462CCD60082AF94 /* Main.storyboard */,
				1B3C39DE2462CCDE0082AF94 /* Assets.xcassets */,
				1B3C39E02462CCDE0082AF94 /* LaunchScreen.storyboard */,
			);
			path = SupportFiles;
			sourceTree = "<group>";
		};
		1B9F0144249B82B900D7473D /* Toasts */ = {
			isa = PBXGroup;
			children = (
				8323A09824A041BC003152D2 /* NewFileToast */,
			);
			path = Toasts;
			sourceTree = "<group>";
		};
		1BF7227F24A7635000F301D4 /* Utils */ = {
			isa = PBXGroup;
			children = (
				1BF7228024A7651300F301D4 /* Component */,
			);
			path = Utils;
			sourceTree = "<group>";
		};
		1BF7228024A7651300F301D4 /* Component */ = {
			isa = PBXGroup;
			children = (
				1BF7228124A7658400F301D4 /* PPRoundedButton.swift */,
			);
			path = Component;
			sourceTree = "<group>";
		};
		8323A09824A041BC003152D2 /* NewFileToast */ = {
			isa = PBXGroup;
			children = (
				1B9F0145249B831D00D7473D /* PPNewFileToast.swift */,
			);
			path = NewFileToast;
			sourceTree = "<group>";
		};
		83CDE7A42497510300BB72FB /* DataResource */ = {
			isa = PBXGroup;
			children = (
			);
			path = DataResource;
			sourceTree = "<group>";
		};
		83CDE7AD2498B1FE00BB72FB /* ToastViewController */ = {
			isa = PBXGroup;
			children = (
				1B9F0142249B829200D7473D /* PPToastViewControllerDelegate.swift */,
				83CDE7A72498934600BB72FB /* PPToastViewController.swift */,
				83CDE7AB2498B1F800BB72FB /* PPToastNavigationBar.swift */,
			);
			path = ToastViewController;
			sourceTree = "<group>";
		};
		83CDE7AE2499AAD700BB72FB /* CollectionView */ = {
			isa = PBXGroup;
			children = (
				83CDE7A224973EB000BB72FB /* PPFolderCollectionViewModel.swift */,
				1B9E672B247BD41F00D649B3 /* PPFolderCollectionViewCell.swift */,
				1B9E6727247A29DC00D649B3 /* PPFolderCollectionViewFlowLayout.swift */,
				1B9F013B2493714500D7473D /* PPDotButton.swift */,
			);
			path = CollectionView;
			sourceTree = "<group>";
		};
		BCBBD3E578BDEBB343B337F0 /* Frameworks */ = {
			isa = PBXGroup;
			children = (
				1A5D18D6BD1039EFFC580209 /* Pods_ProtoPipe.framework */,
			);
			name = Frameworks;
			sourceTree = "<group>";
		};
		CBDEE16C4134271683D3E407 /* Pods */ = {
			isa = PBXGroup;
			children = (
				334305D6CEA0E208BF38B60B /* Pods-ProtoPipe.debug.xcconfig */,
				4567E6E41458F82F47AB6789 /* Pods-ProtoPipe.release.xcconfig */,
			);
			name = Pods;
			sourceTree = "<group>";
		};
/* End PBXGroup section */

/* Begin PBXNativeTarget section */
		1B3C39D12462CCD60082AF94 /* ProtoPipe */ = {
			isa = PBXNativeTarget;
			buildConfigurationList = 1B3C39E62462CCDE0082AF94 /* Build configuration list for PBXNativeTarget "ProtoPipe" */;
			buildPhases = (
				B6228554BB6E3827B3106A2E /* [CP] Check Pods Manifest.lock */,
				1B3C39CE2462CCD60082AF94 /* Sources */,
				1B3C39CF2462CCD60082AF94 /* Frameworks */,
				1B3C39D02462CCD60082AF94 /* Resources */,
				50B05536EC4E293195A4AC06 /* [CP] Embed Pods Frameworks */,
				48BC90D23025E23F9DD345E3 /* [CP] Copy Pods Resources */,
			);
			buildRules = (
			);
			dependencies = (
			);
			name = ProtoPipe;
			productName = ProtoPipe;
			productReference = 1B3C39D22462CCD60082AF94 /* ProtoPipe.app */;
			productType = "com.apple.product-type.application";
		};
/* End PBXNativeTarget section */

/* Begin PBXProject section */
		1B3C39CA2462CCD60082AF94 /* Project object */ = {
			isa = PBXProject;
			attributes = {
				CLASSPREFIX = PP;
				LastSwiftUpdateCheck = 1130;
				LastUpgradeCheck = 1130;
				ORGANIZATIONNAME = "吉乞悠";
				TargetAttributes = {
					1B3C39D12462CCD60082AF94 = {
						CreatedOnToolsVersion = 11.3.1;
					};
				};
			};
			buildConfigurationList = 1B3C39CD2462CCD60082AF94 /* Build configuration list for PBXProject "ProtoPipe" */;
			compatibilityVersion = "Xcode 9.3";
			developmentRegion = en;
			hasScannedForEncodings = 0;
			knownRegions = (
				en,
				Base,
			);
			mainGroup = 1B3C39C92462CCD60082AF94;
			productRefGroup = 1B3C39D32462CCD60082AF94 /* Products */;
			projectDirPath = "";
			projectRoot = "";
			targets = (
				1B3C39D12462CCD60082AF94 /* ProtoPipe */,
			);
		};
/* End PBXProject section */

/* Begin PBXResourcesBuildPhase section */
		1B3C39D02462CCD60082AF94 /* Resources */ = {
			isa = PBXResourcesBuildPhase;
			buildActionMask = 2147483647;
			files = (
				1B3C39E22462CCDE0082AF94 /* LaunchScreen.storyboard in Resources */,
				1B3C39DF2462CCDE0082AF94 /* Assets.xcassets in Resources */,
				1B3C39DD2462CCD60082AF94 /* Main.storyboard in Resources */,
			);
			runOnlyForDeploymentPostprocessing = 0;
		};
/* End PBXResourcesBuildPhase section */

/* Begin PBXShellScriptBuildPhase section */
		48BC90D23025E23F9DD345E3 /* [CP] Copy Pods Resources */ = {
			isa = PBXShellScriptBuildPhase;
			buildActionMask = 2147483647;
			files = (
			);
			inputPaths = (
			);
			name = "[CP] Copy Pods Resources";
			outputPaths = (
			);
			runOnlyForDeploymentPostprocessing = 0;
			shellPath = /bin/sh;
			shellScript = "\"${SRCROOT}/Pods/Target Support Files/Pods-ProtoPipe/Pods-ProtoPipe-resources.sh\"\n";
			showEnvVarsInLog = 0;
		};
		50B05536EC4E293195A4AC06 /* [CP] Embed Pods Frameworks */ = {
			isa = PBXShellScriptBuildPhase;
			buildActionMask = 2147483647;
			files = (
			);
			inputPaths = (
				"${SRCROOT}/Pods/Target Support Files/Pods-ProtoPipe/Pods-ProtoPipe-frameworks.sh",
				"${BUILT_PRODUCTS_DIR}/SnapKit/SnapKit.framework",
			);
			name = "[CP] Embed Pods Frameworks";
			outputPaths = (
				"${TARGET_BUILD_DIR}/${FRAMEWORKS_FOLDER_PATH}/SnapKit.framework",
			);
			runOnlyForDeploymentPostprocessing = 0;
			shellPath = /bin/sh;
			shellScript = "\"${SRCROOT}/Pods/Target Support Files/Pods-ProtoPipe/Pods-ProtoPipe-frameworks.sh\"\n";
			showEnvVarsInLog = 0;
		};
		B6228554BB6E3827B3106A2E /* [CP] Check Pods Manifest.lock */ = {
			isa = PBXShellScriptBuildPhase;
			buildActionMask = 2147483647;
			files = (
			);
			inputPaths = (
				"${PODS_PODFILE_DIR_PATH}/Podfile.lock",
				"${PODS_ROOT}/Manifest.lock",
			);
			name = "[CP] Check Pods Manifest.lock";
			outputPaths = (
				"$(DERIVED_FILE_DIR)/Pods-ProtoPipe-checkManifestLockResult.txt",
			);
			runOnlyForDeploymentPostprocessing = 0;
			shellPath = /bin/sh;
			shellScript = "diff \"${PODS_PODFILE_DIR_PATH}/Podfile.lock\" \"${PODS_ROOT}/Manifest.lock\" > /dev/null\nif [ $? != 0 ] ; then\n    # print error to STDERR\n    echo \"error: The sandbox is not in sync with the Podfile.lock. Run 'pod install' or update your CocoaPods installation.\" >&2\n    exit 1\nfi\n# This output is used by Xcode 'outputs' to avoid re-running this script phase.\necho \"SUCCESS\" > \"${SCRIPT_OUTPUT_FILE_0}\"\n";
			showEnvVarsInLog = 0;
		};
/* End PBXShellScriptBuildPhase section */

/* Begin PBXSourcesBuildPhase section */
		1B3C39CE2462CCD60082AF94 /* Sources */ = {
			isa = PBXSourcesBuildPhase;
			buildActionMask = 2147483647;
			files = (
				1B3C39D62462CCD60082AF94 /* AppDelegate.swift in Sources */,
				1B9F0146249B831D00D7473D /* PPNewFileToast.swift in Sources */,
				1B9F013C2493714500D7473D /* PPDotButton.swift in Sources */,
				1BF7228224A7658400F301D4 /* PPRoundedButton.swift in Sources */,
				83CDE7AA2498ACB100BB72FB /* PPExtensions.swift in Sources */,
				1B34EAF52476311A009AC43B /* MagicMoveAnimator.swift in Sources */,
				1B3C39D82462CCD60082AF94 /* SceneDelegate.swift in Sources */,
				83CDE7A82498934600BB72FB /* PPToastViewController.swift in Sources */,
				1B34EAF124761FA3009AC43B /* PPFolderViewController.swift in Sources */,
				1B34EAF72477BCF0009AC43B /* PPFolderNavigationBar.swift in Sources */,
				83CDE7AC2498B1F800BB72FB /* PPToastNavigationBar.swift in Sources */,
				1B34EAEB247521F6009AC43B /* PPBaseViewController.swift in Sources */,
				1B9F0143249B829200D7473D /* PPToastViewControllerDelegate.swift in Sources */,
				1B34EAED24761A42009AC43B /* PPCanvasViewController.swift in Sources */,
				1B34EAF92477C521009AC43B /* Extension+UIcolor.swift in Sources */,
				1B9E672A247A2AB300D649B3 /* Common.swift in Sources */,
				1B9E6728247A29DC00D649B3 /* PPFolderCollectionViewFlowLayout.swift in Sources */,
				83CDE7A324973EB000BB72FB /* PPFolderCollectionViewModel.swift in Sources */,
				1B9E672C247BD41F00D649B3 /* PPFolderCollectionViewCell.swift in Sources */,
			);
			runOnlyForDeploymentPostprocessing = 0;
		};
/* End PBXSourcesBuildPhase section */

/* Begin PBXVariantGroup section */
		1B3C39DB2462CCD60082AF94 /* Main.storyboard */ = {
			isa = PBXVariantGroup;
			children = (
				1B3C39DC2462CCD60082AF94 /* Base */,
			);
			name = Main.storyboard;
			sourceTree = "<group>";
		};
		1B3C39E02462CCDE0082AF94 /* LaunchScreen.storyboard */ = {
			isa = PBXVariantGroup;
			children = (
				1B3C39E12462CCDE0082AF94 /* Base */,
			);
			name = LaunchScreen.storyboard;
			sourceTree = "<group>";
		};
/* End PBXVariantGroup section */

/* Begin XCBuildConfiguration section */
		1B3C39E42462CCDE0082AF94 /* Debug */ = {
			isa = XCBuildConfiguration;
			buildSettings = {
				ALWAYS_SEARCH_USER_PATHS = NO;
				CLANG_ANALYZER_NONNULL = YES;
				CLANG_ANALYZER_NUMBER_OBJECT_CONVERSION = YES_AGGRESSIVE;
				CLANG_CXX_LANGUAGE_STANDARD = "gnu++14";
				CLANG_CXX_LIBRARY = "libc++";
				CLANG_ENABLE_MODULES = YES;
				CLANG_ENABLE_OBJC_ARC = YES;
				CLANG_ENABLE_OBJC_WEAK = YES;
				CLANG_WARN_BLOCK_CAPTURE_AUTORELEASING = YES;
				CLANG_WARN_BOOL_CONVERSION = YES;
				CLANG_WARN_COMMA = YES;
				CLANG_WARN_CONSTANT_CONVERSION = YES;
				CLANG_WARN_DEPRECATED_OBJC_IMPLEMENTATIONS = YES;
				CLANG_WARN_DIRECT_OBJC_ISA_USAGE = YES_ERROR;
				CLANG_WARN_DOCUMENTATION_COMMENTS = YES;
				CLANG_WARN_EMPTY_BODY = YES;
				CLANG_WARN_ENUM_CONVERSION = YES;
				CLANG_WARN_INFINITE_RECURSION = YES;
				CLANG_WARN_INT_CONVERSION = YES;
				CLANG_WARN_NON_LITERAL_NULL_CONVERSION = YES;
				CLANG_WARN_OBJC_IMPLICIT_RETAIN_SELF = YES;
				CLANG_WARN_OBJC_LITERAL_CONVERSION = YES;
				CLANG_WARN_OBJC_ROOT_CLASS = YES_ERROR;
				CLANG_WARN_RANGE_LOOP_ANALYSIS = YES;
				CLANG_WARN_STRICT_PROTOTYPES = YES;
				CLANG_WARN_SUSPICIOUS_MOVE = YES;
				CLANG_WARN_UNGUARDED_AVAILABILITY = YES_AGGRESSIVE;
				CLANG_WARN_UNREACHABLE_CODE = YES;
				CLANG_WARN__DUPLICATE_METHOD_MATCH = YES;
				COPY_PHASE_STRIP = NO;
				DEBUG_INFORMATION_FORMAT = dwarf;
				ENABLE_STRICT_OBJC_MSGSEND = YES;
				ENABLE_TESTABILITY = YES;
				GCC_C_LANGUAGE_STANDARD = gnu11;
				GCC_DYNAMIC_NO_PIC = NO;
				GCC_NO_COMMON_BLOCKS = YES;
				GCC_OPTIMIZATION_LEVEL = 0;
				GCC_PREPROCESSOR_DEFINITIONS = (
					"DEBUG=1",
					"$(inherited)",
				);
				GCC_WARN_64_TO_32_BIT_CONVERSION = YES;
				GCC_WARN_ABOUT_RETURN_TYPE = YES_ERROR;
				GCC_WARN_UNDECLARED_SELECTOR = YES;
				GCC_WARN_UNINITIALIZED_AUTOS = YES_AGGRESSIVE;
				GCC_WARN_UNUSED_FUNCTION = YES;
				GCC_WARN_UNUSED_VARIABLE = YES;
				IPHONEOS_DEPLOYMENT_TARGET = 13.2;
				MTL_ENABLE_DEBUG_INFO = INCLUDE_SOURCE;
				MTL_FAST_MATH = YES;
				ONLY_ACTIVE_ARCH = YES;
				SDKROOT = iphoneos;
				SWIFT_ACTIVE_COMPILATION_CONDITIONS = DEBUG;
				SWIFT_OPTIMIZATION_LEVEL = "-Onone";
			};
			name = Debug;
		};
		1B3C39E52462CCDE0082AF94 /* Release */ = {
			isa = XCBuildConfiguration;
			buildSettings = {
				ALWAYS_SEARCH_USER_PATHS = NO;
				CLANG_ANALYZER_NONNULL = YES;
				CLANG_ANALYZER_NUMBER_OBJECT_CONVERSION = YES_AGGRESSIVE;
				CLANG_CXX_LANGUAGE_STANDARD = "gnu++14";
				CLANG_CXX_LIBRARY = "libc++";
				CLANG_ENABLE_MODULES = YES;
				CLANG_ENABLE_OBJC_ARC = YES;
				CLANG_ENABLE_OBJC_WEAK = YES;
				CLANG_WARN_BLOCK_CAPTURE_AUTORELEASING = YES;
				CLANG_WARN_BOOL_CONVERSION = YES;
				CLANG_WARN_COMMA = YES;
				CLANG_WARN_CONSTANT_CONVERSION = YES;
				CLANG_WARN_DEPRECATED_OBJC_IMPLEMENTATIONS = YES;
				CLANG_WARN_DIRECT_OBJC_ISA_USAGE = YES_ERROR;
				CLANG_WARN_DOCUMENTATION_COMMENTS = YES;
				CLANG_WARN_EMPTY_BODY = YES;
				CLANG_WARN_ENUM_CONVERSION = YES;
				CLANG_WARN_INFINITE_RECURSION = YES;
				CLANG_WARN_INT_CONVERSION = YES;
				CLANG_WARN_NON_LITERAL_NULL_CONVERSION = YES;
				CLANG_WARN_OBJC_IMPLICIT_RETAIN_SELF = YES;
				CLANG_WARN_OBJC_LITERAL_CONVERSION = YES;
				CLANG_WARN_OBJC_ROOT_CLASS = YES_ERROR;
				CLANG_WARN_RANGE_LOOP_ANALYSIS = YES;
				CLANG_WARN_STRICT_PROTOTYPES = YES;
				CLANG_WARN_SUSPICIOUS_MOVE = YES;
				CLANG_WARN_UNGUARDED_AVAILABILITY = YES_AGGRESSIVE;
				CLANG_WARN_UNREACHABLE_CODE = YES;
				CLANG_WARN__DUPLICATE_METHOD_MATCH = YES;
				COPY_PHASE_STRIP = NO;
				DEBUG_INFORMATION_FORMAT = "dwarf-with-dsym";
				ENABLE_NS_ASSERTIONS = NO;
				ENABLE_STRICT_OBJC_MSGSEND = YES;
				GCC_C_LANGUAGE_STANDARD = gnu11;
				GCC_NO_COMMON_BLOCKS = YES;
				GCC_WARN_64_TO_32_BIT_CONVERSION = YES;
				GCC_WARN_ABOUT_RETURN_TYPE = YES_ERROR;
				GCC_WARN_UNDECLARED_SELECTOR = YES;
				GCC_WARN_UNINITIALIZED_AUTOS = YES_AGGRESSIVE;
				GCC_WARN_UNUSED_FUNCTION = YES;
				GCC_WARN_UNUSED_VARIABLE = YES;
				IPHONEOS_DEPLOYMENT_TARGET = 13.2;
				MTL_ENABLE_DEBUG_INFO = NO;
				MTL_FAST_MATH = YES;
				SDKROOT = iphoneos;
				SWIFT_COMPILATION_MODE = wholemodule;
				SWIFT_OPTIMIZATION_LEVEL = "-O";
				VALIDATE_PRODUCT = YES;
			};
			name = Release;
		};
		1B3C39E72462CCDE0082AF94 /* Debug */ = {
			isa = XCBuildConfiguration;
			baseConfigurationReference = 334305D6CEA0E208BF38B60B /* Pods-ProtoPipe.debug.xcconfig */;
			buildSettings = {
				ASSETCATALOG_COMPILER_APPICON_NAME = AppIcon;
				CODE_SIGN_STYLE = Automatic;
				DEVELOPMENT_TEAM = RSA8WT4A52;
				INFOPLIST_FILE = ProtoPipe/Info.plist;
				LD_RUNPATH_SEARCH_PATHS = (
					"$(inherited)",
					"@executable_path/Frameworks",
				);
				PRODUCT_BUNDLE_IDENTIFIER = mimosa.ProtoPipe;
				PRODUCT_NAME = "$(TARGET_NAME)";
				SWIFT_VERSION = 5.0;
				TARGETED_DEVICE_FAMILY = 2;
			};
			name = Debug;
		};
		1B3C39E82462CCDE0082AF94 /* Release */ = {
			isa = XCBuildConfiguration;
			baseConfigurationReference = 4567E6E41458F82F47AB6789 /* Pods-ProtoPipe.release.xcconfig */;
			buildSettings = {
				ASSETCATALOG_COMPILER_APPICON_NAME = AppIcon;
				CODE_SIGN_STYLE = Automatic;
				DEVELOPMENT_TEAM = RSA8WT4A52;
				INFOPLIST_FILE = ProtoPipe/Info.plist;
				LD_RUNPATH_SEARCH_PATHS = (
					"$(inherited)",
					"@executable_path/Frameworks",
				);
				PRODUCT_BUNDLE_IDENTIFIER = mimosa.ProtoPipe;
				PRODUCT_NAME = "$(TARGET_NAME)";
				SWIFT_VERSION = 5.0;
				TARGETED_DEVICE_FAMILY = 2;
			};
			name = Release;
		};
/* End XCBuildConfiguration section */

/* Begin XCConfigurationList section */
		1B3C39CD2462CCD60082AF94 /* Build configuration list for PBXProject "ProtoPipe" */ = {
			isa = XCConfigurationList;
			buildConfigurations = (
				1B3C39E42462CCDE0082AF94 /* Debug */,
				1B3C39E52462CCDE0082AF94 /* Release */,
			);
			defaultConfigurationIsVisible = 0;
			defaultConfigurationName = Release;
		};
		1B3C39E62462CCDE0082AF94 /* Build configuration list for PBXNativeTarget "ProtoPipe" */ = {
			isa = XCConfigurationList;
			buildConfigurations = (
				1B3C39E72462CCDE0082AF94 /* Debug */,
				1B3C39E82462CCDE0082AF94 /* Release */,
			);
			defaultConfigurationIsVisible = 0;
			defaultConfigurationName = Release;
		};
/* End XCConfigurationList section */
	};
	rootObject = 1B3C39CA2462CCD60082AF94 /* Project object */;
}
