// !$*UTF8*$!
{
	archiveVersion = 1;
	classes = {
	};
	objectVersion = 50;
	objects = {

/* Begin PBXBuildFile section */
		1B1C51F0223D3DA600DD869F /* MainViewController.swift in Sources */ = {isa = PBXBuildFile; fileRef = 1B1C51EF223D3DA600DD869F /* MainViewController.swift */; };
		1BE748D1222FFF8C00DEBCE4 /* AppDelegate.swift in Sources */ = {isa = PBXBuildFile; fileRef = 1BE748D0222FFF8C00DEBCE4 /* AppDelegate.swift */; };
		1BE748D6222FFF8C00DEBCE4 /* Main.storyboard in Resources */ = {isa = PBXBuildFile; fileRef = 1BE748D4222FFF8C00DEBCE4 /* Main.storyboard */; };
		1BE748D8222FFF9000DEBCE4 /* Assets.xcassets in Resources */ = {isa = PBXBuildFile; fileRef = 1BE748D7222FFF9000DEBCE4 /* Assets.xcassets */; };
		1BE748DB222FFF9000DEBCE4 /* LaunchScreen.storyboard in Resources */ = {isa = PBXBuildFile; fileRef = 1BE748D9222FFF9000DEBCE4 /* LaunchScreen.storyboard */; };
		1BE748E32230016100DEBCE4 /* LoginViewController.swift in Sources */ = {isa = PBXBuildFile; fileRef = 1BE748E22230016100DEBCE4 /* LoginViewController.swift */; };
		1BE748E52230248900DEBCE4 /* Common.swift in Sources */ = {isa = PBXBuildFile; fileRef = 1BE748E42230248900DEBCE4 /* Common.swift */; };
/* End PBXBuildFile section */

/* Begin PBXFileReference section */
		1B1C51EF223D3DA600DD869F /* MainViewController.swift */ = {isa = PBXFileReference; lastKnownFileType = sourcecode.swift; path = MainViewController.swift; sourceTree = "<group>"; };
		1BE748CD222FFF8C00DEBCE4 /* YiShe.app */ = {isa = PBXFileReference; explicitFileType = wrapper.application; includeInIndex = 0; path = YiShe.app; sourceTree = BUILT_PRODUCTS_DIR; };
		1BE748D0222FFF8C00DEBCE4 /* AppDelegate.swift */ = {isa = PBXFileReference; lastKnownFileType = sourcecode.swift; path = AppDelegate.swift; sourceTree = "<group>"; };
		1BE748D5222FFF8C00DEBCE4 /* Base */ = {isa = PBXFileReference; lastKnownFileType = file.storyboard; name = Base; path = Base.lproj/Main.storyboard; sourceTree = "<group>"; };
		1BE748D7222FFF9000DEBCE4 /* Assets.xcassets */ = {isa = PBXFileReference; lastKnownFileType = folder.assetcatalog; path = Assets.xcassets; sourceTree = "<group>"; };
		1BE748DA222FFF9000DEBCE4 /* Base */ = {isa = PBXFileReference; lastKnownFileType = file.storyboard; name = Base; path = Base.lproj/LaunchScreen.storyboard; sourceTree = "<group>"; };
		1BE748DC222FFF9000DEBCE4 /* Info.plist */ = {isa = PBXFileReference; lastKnownFileType = text.plist.xml; path = Info.plist; sourceTree = "<group>"; };
		1BE748E22230016100DEBCE4 /* LoginViewController.swift */ = {isa = PBXFileReference; lastKnownFileType = sourcecode.swift; path = LoginViewController.swift; sourceTree = "<group>"; };
		1BE748E42230248900DEBCE4 /* Common.swift */ = {isa = PBXFileReference; lastKnownFileType = sourcecode.swift; path = Common.swift; sourceTree = "<group>"; };
/* End PBXFileReference section */

/* Begin PBXFrameworksBuildPhase section */
		1BE748CA222FFF8C00DEBCE4 /* Frameworks */ = {
			isa = PBXFrameworksBuildPhase;
			buildActionMask = 2147483647;
			files = (
			);
			runOnlyForDeploymentPostprocessing = 0;
		};
/* End PBXFrameworksBuildPhase section */

/* Begin PBXGroup section */
		1BE748C4222FFF8C00DEBCE4 = {
			isa = PBXGroup;
			children = (
				1BE748CF222FFF8C00DEBCE4 /* YiShe */,
				1BE748CE222FFF8C00DEBCE4 /* Products */,
			);
			sourceTree = "<group>";
		};
		1BE748CE222FFF8C00DEBCE4 /* Products */ = {
			isa = PBXGroup;
			children = (
				1BE748CD222FFF8C00DEBCE4 /* YiShe.app */,
			);
			name = Products;
			sourceTree = "<group>";
		};
		1BE748CF222FFF8C00DEBCE4 /* YiShe */ = {
			isa = PBXGroup;
			children = (
				1BE748D0222FFF8C00DEBCE4 /* AppDelegate.swift */,
				1BE748E22230016100DEBCE4 /* LoginViewController.swift */,
				1B1C51EF223D3DA600DD869F /* MainViewController.swift */,
				1BE748E42230248900DEBCE4 /* Common.swift */,
				1BE748D4222FFF8C00DEBCE4 /* Main.storyboard */,
				1BE748D7222FFF9000DEBCE4 /* Assets.xcassets */,
				1BE748D9222FFF9000DEBCE4 /* LaunchScreen.storyboard */,
				1BE748DC222FFF9000DEBCE4 /* Info.plist */,
			);
			path = YiShe;
			sourceTree = "<group>";
		};
/* End PBXGroup section */

/* Begin PBXNativeTarget section */
		1BE748CC222FFF8C00DEBCE4 /* YiShe */ = {
			isa = PBXNativeTarget;
			buildConfigurationList = 1BE748DF222FFF9000DEBCE4 /* Build configuration list for PBXNativeTarget "YiShe" */;
			buildPhases = (
				1BE748C9222FFF8C00DEBCE4 /* Sources */,
				1BE748CA222FFF8C00DEBCE4 /* Frameworks */,
				1BE748CB222FFF8C00DEBCE4 /* Resources */,
			);
			buildRules = (
			);
			dependencies = (
			);
			name = YiShe;
			productName = YiShe;
			productReference = 1BE748CD222FFF8C00DEBCE4 /* YiShe.app */;
			productType = "com.apple.product-type.application";
		};
/* End PBXNativeTarget section */

/* Begin PBXProject section */
		1BE748C5222FFF8C00DEBCE4 /* Project object */ = {
			isa = PBXProject;
			attributes = {
				LastSwiftUpdateCheck = 1010;
				LastUpgradeCheck = 1010;
				ORGANIZATIONNAME = "吉乞悠";
				TargetAttributes = {
					1BE748CC222FFF8C00DEBCE4 = {
						CreatedOnToolsVersion = 10.1;
					};
				};
			};
			buildConfigurationList = 1BE748C8222FFF8C00DEBCE4 /* Build configuration list for PBXProject "YiShe" */;
			compatibilityVersion = "Xcode 9.3";
			developmentRegion = en;
			hasScannedForEncodings = 0;
			knownRegions = (
				en,
				Base,
			);
			mainGroup = 1BE748C4222FFF8C00DEBCE4;
			productRefGroup = 1BE748CE222FFF8C00DEBCE4 /* Products */;
			projectDirPath = "";
			projectRoot = "";
			targets = (
				1BE748CC222FFF8C00DEBCE4 /* YiShe */,
			);
		};
/* End PBXProject section */

/* Begin PBXResourcesBuildPhase section */
		1BE748CB222FFF8C00DEBCE4 /* Resources */ = {
			isa = PBXResourcesBuildPhase;
			buildActionMask = 2147483647;
			files = (
				1BE748DB222FFF9000DEBCE4 /* LaunchScreen.storyboard in Resources */,
				1BE748D8222FFF9000DEBCE4 /* Assets.xcassets in Resources */,
				1BE748D6222FFF8C00DEBCE4 /* Main.storyboard in Resources */,
			);
			runOnlyForDeploymentPostprocessing = 0;
		};
/* End PBXResourcesBuildPhase section */

/* Begin PBXSourcesBuildPhase section */
		1BE748C9222FFF8C00DEBCE4 /* Sources */ = {
			isa = PBXSourcesBuildPhase;
			buildActionMask = 2147483647;
			files = (
				1BE748E32230016100DEBCE4 /* LoginViewController.swift in Sources */,
				1BE748E52230248900DEBCE4 /* Common.swift in Sources */,
				1BE748D1222FFF8C00DEBCE4 /* AppDelegate.swift in Sources */,
				1B1C51F0223D3DA600DD869F /* MainViewController.swift in Sources */,
			);
			runOnlyForDeploymentPostprocessing = 0;
		};
/* End PBXSourcesBuildPhase section */

/* Begin PBXVariantGroup section */
		1BE748D4222FFF8C00DEBCE4 /* Main.storyboard */ = {
			isa = PBXVariantGroup;
			children = (
				1BE748D5222FFF8C00DEBCE4 /* Base */,
			);
			name = Main.storyboard;
			sourceTree = "<group>";
		};
		1BE748D9222FFF9000DEBCE4 /* LaunchScreen.storyboard */ = {
			isa = PBXVariantGroup;
			children = (
				1BE748DA222FFF9000DEBCE4 /* Base */,
			);
			name = LaunchScreen.storyboard;
			sourceTree = "<group>";
		};
/* End PBXVariantGroup section */

/* Begin XCBuildConfiguration section */
		1BE748DD222FFF9000DEBCE4 /* Debug */ = {
			isa = XCBuildConfiguration;
			buildSettings = {
				ALWAYS_SEARCH_USER_PATHS = NO;
				CLANG_ANALYZER_NONNULL = YES;
				CLANG_ANALYZER_NUMBER_OBJECT_CONVERSION = YES_AGGRESSIVE;
				CLANG_CXX_LANGUAGE_STANDARD = "gnu++14";
				CLANG_CXX_LIBRARY = "libc++";
				CLANG_ENABLE_MODULES = YES;
				CLANG_ENABLE_OBJC_ARC = YES;
				CLANG_ENABLE_OBJC_WEAK = YES;
				CLANG_WARN_BLOCK_CAPTURE_AUTORELEASING = YES;
				CLANG_WARN_BOOL_CONVERSION = YES;
				CLANG_WARN_COMMA = YES;
				CLANG_WARN_CONSTANT_CONVERSION = YES;
				CLANG_WARN_DEPRECATED_OBJC_IMPLEMENTATIONS = YES;
				CLANG_WARN_DIRECT_OBJC_ISA_USAGE = YES_ERROR;
				CLANG_WARN_DOCUMENTATION_COMMENTS = YES;
				CLANG_WARN_EMPTY_BODY = YES;
				CLANG_WARN_ENUM_CONVERSION = YES;
				CLANG_WARN_INFINITE_RECURSION = YES;
				CLANG_WARN_INT_CONVERSION = YES;
				CLANG_WARN_NON_LITERAL_NULL_CONVERSION = YES;
				CLANG_WARN_OBJC_IMPLICIT_RETAIN_SELF = YES;
				CLANG_WARN_OBJC_LITERAL_CONVERSION = YES;
				CLANG_WARN_OBJC_ROOT_CLASS = YES_ERROR;
				CLANG_WARN_RANGE_LOOP_ANALYSIS = YES;
				CLANG_WARN_STRICT_PROTOTYPES = YES;
				CLANG_WARN_SUSPICIOUS_MOVE = YES;
				CLANG_WARN_UNGUARDED_AVAILABILITY = YES_AGGRESSIVE;
				CLANG_WARN_UNREACHABLE_CODE = YES;
				CLANG_WARN__DUPLICATE_METHOD_MATCH = YES;
				CODE_SIGN_IDENTITY = "iPhone Developer";
				COPY_PHASE_STRIP = NO;
				DEBUG_INFORMATION_FORMAT = dwarf;
				ENABLE_STRICT_OBJC_MSGSEND = YES;
				ENABLE_TESTABILITY = YES;
				GCC_C_LANGUAGE_STANDARD = gnu11;
				GCC_DYNAMIC_NO_PIC = NO;
				GCC_NO_COMMON_BLOCKS = YES;
				GCC_OPTIMIZATION_LEVEL = 0;
				GCC_PREPROCESSOR_DEFINITIONS = (
					"DEBUG=1",
					"$(inherited)",
				);
				GCC_WARN_64_TO_32_BIT_CONVERSION = YES;
				GCC_WARN_ABOUT_RETURN_TYPE = YES_ERROR;
				GCC_WARN_UNDECLARED_SELECTOR = YES;
				GCC_WARN_UNINITIALIZED_AUTOS = YES_AGGRESSIVE;
				GCC_WARN_UNUSED_FUNCTION = YES;
				GCC_WARN_UNUSED_VARIABLE = YES;
				IPHONEOS_DEPLOYMENT_TARGET = 12.1;
				MTL_ENABLE_DEBUG_INFO = INCLUDE_SOURCE;
				MTL_FAST_MATH = YES;
				ONLY_ACTIVE_ARCH = YES;
				SDKROOT = iphoneos;
				SWIFT_ACTIVE_COMPILATION_CONDITIONS = DEBUG;
				SWIFT_OPTIMIZATION_LEVEL = "-Onone";
			};
			name = Debug;
		};
		1BE748DE222FFF9000DEBCE4 /* Release */ = {
			isa = XCBuildConfiguration;
			buildSettings = {
				ALWAYS_SEARCH_USER_PATHS = NO;
				CLANG_ANALYZER_NONNULL = YES;
				CLANG_ANALYZER_NUMBER_OBJECT_CONVERSION = YES_AGGRESSIVE;
				CLANG_CXX_LANGUAGE_STANDARD = "gnu++14";
				CLANG_CXX_LIBRARY = "libc++";
				CLANG_ENABLE_MODULES = YES;
				CLANG_ENABLE_OBJC_ARC = YES;
				CLANG_ENABLE_OBJC_WEAK = YES;
				CLANG_WARN_BLOCK_CAPTURE_AUTORELEASING = YES;
				CLANG_WARN_BOOL_CONVERSION = YES;
				CLANG_WARN_COMMA = YES;
				CLANG_WARN_CONSTANT_CONVERSION = YES;
				CLANG_WARN_DEPRECATED_OBJC_IMPLEMENTATIONS = YES;
				CLANG_WARN_DIRECT_OBJC_ISA_USAGE = YES_ERROR;
				CLANG_WARN_DOCUMENTATION_COMMENTS = YES;
				CLANG_WARN_EMPTY_BODY = YES;
				CLANG_WARN_ENUM_CONVERSION = YES;
				CLANG_WARN_INFINITE_RECURSION = YES;
				CLANG_WARN_INT_CONVERSION = YES;
				CLANG_WARN_NON_LITERAL_NULL_CONVERSION = YES;
				CLANG_WARN_OBJC_IMPLICIT_RETAIN_SELF = YES;
				CLANG_WARN_OBJC_LITERAL_CONVERSION = YES;
				CLANG_WARN_OBJC_ROOT_CLASS = YES_ERROR;
				CLANG_WARN_RANGE_LOOP_ANALYSIS = YES;
				CLANG_WARN_STRICT_PROTOTYPES = YES;
				CLANG_WARN_SUSPICIOUS_MOVE = YES;
				CLANG_WARN_UNGUARDED_AVAILABILITY = YES_AGGRESSIVE;
				CLANG_WARN_UNREACHABLE_CODE = YES;
				CLANG_WARN__DUPLICATE_METHOD_MATCH = YES;
				CODE_SIGN_IDENTITY = "iPhone Developer";
				COPY_PHASE_STRIP = NO;
				DEBUG_INFORMATION_FORMAT = "dwarf-with-dsym";
				ENABLE_NS_ASSERTIONS = NO;
				ENABLE_STRICT_OBJC_MSGSEND = YES;
				GCC_C_LANGUAGE_STANDARD = gnu11;
				GCC_NO_COMMON_BLOCKS = YES;
				GCC_WARN_64_TO_32_BIT_CONVERSION = YES;
				GCC_WARN_ABOUT_RETURN_TYPE = YES_ERROR;
				GCC_WARN_UNDECLARED_SELECTOR = YES;
				GCC_WARN_UNINITIALIZED_AUTOS = YES_AGGRESSIVE;
				GCC_WARN_UNUSED_FUNCTION = YES;
				GCC_WARN_UNUSED_VARIABLE = YES;
				IPHONEOS_DEPLOYMENT_TARGET = 12.1;
				MTL_ENABLE_DEBUG_INFO = NO;
				MTL_FAST_MATH = YES;
				SDKROOT = iphoneos;
				SWIFT_COMPILATION_MODE = wholemodule;
				SWIFT_OPTIMIZATION_LEVEL = "-O";
				VALIDATE_PRODUCT = YES;
			};
			name = Release;
		};
		1BE748E0222FFF9000DEBCE4 /* Debug */ = {
			isa = XCBuildConfiguration;
			buildSettings = {
				ASSETCATALOG_COMPILER_APPICON_NAME = AppIcon;
				CODE_SIGN_STYLE = Automatic;
				DEVELOPMENT_TEAM = RSA8WT4A52;
				INFOPLIST_FILE = YiShe/Info.plist;
				LD_RUNPATH_SEARCH_PATHS = (
					"$(inherited)",
					"@executable_path/Frameworks",
				);
				PRODUCT_BUNDLE_IDENTIFIER = mimosa.YiShe;
				PRODUCT_NAME = "$(TARGET_NAME)";
				SWIFT_VERSION = 4.2;
				TARGETED_DEVICE_FAMILY = "1,2";
			};
			name = Debug;
		};
		1BE748E1222FFF9000DEBCE4 /* Release */ = {
			isa = XCBuildConfiguration;
			buildSettings = {
				ASSETCATALOG_COMPILER_APPICON_NAME = AppIcon;
				CODE_SIGN_STYLE = Automatic;
				DEVELOPMENT_TEAM = RSA8WT4A52;
				INFOPLIST_FILE = YiShe/Info.plist;
				LD_RUNPATH_SEARCH_PATHS = (
					"$(inherited)",
					"@executable_path/Frameworks",
				);
				PRODUCT_BUNDLE_IDENTIFIER = mimosa.YiShe;
				PRODUCT_NAME = "$(TARGET_NAME)";
				SWIFT_VERSION = 4.2;
				TARGETED_DEVICE_FAMILY = "1,2";
			};
			name = Release;
		};
/* End XCBuildConfiguration section */

/* Begin XCConfigurationList section */
		1BE748C8222FFF8C00DEBCE4 /* Build configuration list for PBXProject "YiShe" */ = {
			isa = XCConfigurationList;
			buildConfigurations = (
				1BE748DD222FFF9000DEBCE4 /* Debug */,
				1BE748DE222FFF9000DEBCE4 /* Release */,
			);
			defaultConfigurationIsVisible = 0;
			defaultConfigurationName = Release;
		};
		1BE748DF222FFF9000DEBCE4 /* Build configuration list for PBXNativeTarget "YiShe" */ = {
			isa = XCConfigurationList;
			buildConfigurations = (
				1BE748E0222FFF9000DEBCE4 /* Debug */,
				1BE748E1222FFF9000DEBCE4 /* Release */,
			);
			defaultConfigurationIsVisible = 0;
			defaultConfigurationName = Release;
		};
/* End XCConfigurationList section */
	};
	rootObject = 1BE748C5222FFF8C00DEBCE4 /* Project object */;
}
