// !$*UTF8*$!
{
	archiveVersion = 1;
	classes = {
	};
	objectVersion = 50;
	objects = {

/* Begin PBXBuildFile section */
		1B1C51F4223E866C00DD869F /* Common.swift in Sources */ = {isa = PBXBuildFile; fileRef = 1B1C51F3223E866C00DD869F /* Common.swift */; };
		1B1C51F8223FD2C400DD869F /* TestViewController.swift in Sources */ = {isa = PBXBuildFile; fileRef = 1B1C51F7223FD2C400DD869F /* TestViewController.swift */; };
		1B1C528122407F9400DD869F /* MuseMLModel.swift in Sources */ = {isa = PBXBuildFile; fileRef = 1B1C528022407F9400DD869F /* MuseMLModel.swift */; };
		1B1C52832240801200DD869F /* MuseMLModel.mlmodelc in Resources */ = {isa = PBXBuildFile; fileRef = 1B1C52822240801200DD869F /* MuseMLModel.mlmodelc */; };
		1B1C52852240812700DD869F /* defaultImage.jpg in Resources */ = {isa = PBXBuildFile; fileRef = 1B1C52842240812700DD869F /* defaultImage.jpg */; };
		1B1C528A22408D5400DD869F /* PrincessMLModel.mlmodelc in Resources */ = {isa = PBXBuildFile; fileRef = 1B1C528922408D5400DD869F /* PrincessMLModel.mlmodelc */; };
		1B1C528C22408D5D00DD869F /* ScreamMLModel.mlmodelc in Resources */ = {isa = PBXBuildFile; fileRef = 1B1C528B22408D5D00DD869F /* ScreamMLModel.mlmodelc */; };
		1B1C528E22408D6500DD869F /* ShipwreckMLModel.mlmodelc in Resources */ = {isa = PBXBuildFile; fileRef = 1B1C528D22408D6500DD869F /* ShipwreckMLModel.mlmodelc */; };
		1B1C529022408D6E00DD869F /* StarryNightMLModel.mlmodelc in Resources */ = {isa = PBXBuildFile; fileRef = 1B1C528F22408D6E00DD869F /* StarryNightMLModel.mlmodelc */; };
		1B1C529222408D7900DD869F /* UdnieMLModel.mlmodelc in Resources */ = {isa = PBXBuildFile; fileRef = 1B1C529122408D7900DD869F /* UdnieMLModel.mlmodelc */; };
		1B1C529422408D8100DD869F /* WaveMLModel.mlmodelc in Resources */ = {isa = PBXBuildFile; fileRef = 1B1C529322408D8100DD869F /* WaveMLModel.mlmodelc */; };
		1B1C529622408E0E00DD869F /* PrincessMLModel.swift in Sources */ = {isa = PBXBuildFile; fileRef = 1B1C529522408E0D00DD869F /* PrincessMLModel.swift */; };
		1B1C529822408E1C00DD869F /* ScreamMLModel.swift in Sources */ = {isa = PBXBuildFile; fileRef = 1B1C529722408E1C00DD869F /* ScreamMLModel.swift */; };
		1B1C529A22408E2400DD869F /* ShipwreckMLModel.swift in Sources */ = {isa = PBXBuildFile; fileRef = 1B1C529922408E2400DD869F /* ShipwreckMLModel.swift */; };
		1B1C529E22408E3A00DD869F /* UdnieMLModel.swift in Sources */ = {isa = PBXBuildFile; fileRef = 1B1C529D22408E3A00DD869F /* UdnieMLModel.swift */; };
		1B1C52A022408E5100DD869F /* WaveMLModel.swift in Sources */ = {isa = PBXBuildFile; fileRef = 1B1C529F22408E5100DD869F /* WaveMLModel.swift */; };
		1B1C52A222408E6200DD869F /* StarryNightMLModel.swift in Sources */ = {isa = PBXBuildFile; fileRef = 1B1C52A122408E6200DD869F /* StarryNightMLModel.swift */; };
		1B1C52A6224231FD00DD869F /* bg.png in Resources */ = {isa = PBXBuildFile; fileRef = 1B1C52A5224231FD00DD869F /* bg.png */; };
		1B1C52BE2243C65000DD869F /* PageOneViewController.swift in Sources */ = {isa = PBXBuildFile; fileRef = 1B1C52BD2243C65000DD869F /* PageOneViewController.swift */; };
		1BE064CD224504BF00526363 /* ArtCamera_Icon.jpg in Resources */ = {isa = PBXBuildFile; fileRef = 1BE064C4224504BF00526363 /* ArtCamera_Icon.jpg */; };
		1BE064DF2245F36A00526363 /* PageTwoViewController.swift in Sources */ = {isa = PBXBuildFile; fileRef = 1BE064DE2245F36A00526363 /* PageTwoViewController.swift */; };
		1BE065002247CAFC00526363 /* camera_scream.png in Resources */ = {isa = PBXBuildFile; fileRef = 1BE064F82247CAFC00526363 /* camera_scream.png */; };
		1BE065012247CAFC00526363 /* camera_starry.png in Resources */ = {isa = PBXBuildFile; fileRef = 1BE064F92247CAFC00526363 /* camera_starry.png */; };
		1BE065022247CAFC00526363 /* camera_udnie.png in Resources */ = {isa = PBXBuildFile; fileRef = 1BE064FA2247CAFC00526363 /* camera_udnie.png */; };
		1BE065032247CAFC00526363 /* camera_default.png in Resources */ = {isa = PBXBuildFile; fileRef = 1BE064FB2247CAFC00526363 /* camera_default.png */; };
		1BE065042247CAFC00526363 /* camera_wave.png in Resources */ = {isa = PBXBuildFile; fileRef = 1BE064FC2247CAFC00526363 /* camera_wave.png */; };
		1BE065052247CAFC00526363 /* camera_muse.png in Resources */ = {isa = PBXBuildFile; fileRef = 1BE064FD2247CAFC00526363 /* camera_muse.png */; };
		1BE065062247CAFC00526363 /* camera_princess.png in Resources */ = {isa = PBXBuildFile; fileRef = 1BE064FE2247CAFC00526363 /* camera_princess.png */; };
		1BE065072247CAFC00526363 /* camera_wreck.png in Resources */ = {isa = PBXBuildFile; fileRef = 1BE064FF2247CAFC00526363 /* camera_wreck.png */; };
		1BE065092247CB6F00526363 /* StarryNight.jpeg in Resources */ = {isa = PBXBuildFile; fileRef = 1BE065082247CB6E00526363 /* StarryNight.jpeg */; };
		1BE0650B2247CCC100526363 /* demo.jpg in Resources */ = {isa = PBXBuildFile; fileRef = 1BE0650A2247CCC100526363 /* demo.jpg */; };
		1BE0650F2247DD0400526363 /* PageThreeViewController.swift in Sources */ = {isa = PBXBuildFile; fileRef = 1BE0650E2247DD0400526363 /* PageThreeViewController.swift */; };
		1BE065112247E01300526363 /* ARViewController.swift in Sources */ = {isa = PBXBuildFile; fileRef = 1BE065102247E01300526363 /* ARViewController.swift */; };
		1BE065132247E08B00526363 /* Plane.swift in Sources */ = {isa = PBXBuildFile; fileRef = 1BE065122247E08B00526363 /* Plane.swift */; };
		1BE065172247EEEA00526363 /* twitter.png in Resources */ = {isa = PBXBuildFile; fileRef = 1BE065142247EEEA00526363 /* twitter.png */; };
		1BE065182247EEEA00526363 /* xk.png in Resources */ = {isa = PBXBuildFile; fileRef = 1BE065152247EEEA00526363 /* xk.png */; };
		1BE065192247EEEA00526363 /* pld.png in Resources */ = {isa = PBXBuildFile; fileRef = 1BE065162247EEEA00526363 /* pld.png */; };
		1BE0651B2248029700526363 /* demo2.png in Resources */ = {isa = PBXBuildFile; fileRef = 1BE0651A2248029700526363 /* demo2.png */; };
		5E086DCA2051DDAE004D8D25 /* LiveView.storyboard in Resources */ = {isa = PBXBuildFile; fileRef = 5E086DCC2051DDAE004D8D25 /* LiveView.storyboard */; };
		5E086DD32051E3A3004D8D25 /* Manifest.plist in Copy Book Contents */ = {isa = PBXBuildFile; fileRef = 5E086DCF2051DF0F004D8D25 /* Manifest.plist */; };
		5E3196F32061DEA40077BBD7 /* LiveViewSupport.swift in Sources */ = {isa = PBXBuildFile; fileRef = 5E3196F22061DEA40077BBD7 /* LiveViewSupport.swift */; };
		5EA2E3C02056F35A00416A35 /* AppDelegate.swift in Sources */ = {isa = PBXBuildFile; fileRef = 5EA2E3BF2056F35A00416A35 /* AppDelegate.swift */; };
		5EA2E3CA2056F35B00416A35 /* LiveViewTestAppLaunchScreen.storyboard in Resources */ = {isa = PBXBuildFile; fileRef = 5EA2E3C82056F35B00416A35 /* LiveViewTestAppLaunchScreen.storyboard */; };
		5EA2E3D42056F36800416A35 /* libBook_Sources.a in Frameworks */ = {isa = PBXBuildFile; fileRef = 5EF2F9AB2054BBF300191409 /* libBook_Sources.a */; };
		5EA2E3DA2056F8D100416A35 /* PlaygroundBluetooth.framework in Embed Frameworks */ = {isa = PBXBuildFile; fileRef = 5EA2E3D82056F88700416A35 /* PlaygroundBluetooth.framework */; settings = {ATTRIBUTES = (CodeSignOnCopy, RemoveHeadersOnCopy, ); }; };
		5EA2E3DB2056F8D100416A35 /* PlaygroundSupport.framework in Embed Frameworks */ = {isa = PBXBuildFile; fileRef = 5EA2E3D72056F88700416A35 /* PlaygroundSupport.framework */; settings = {ATTRIBUTES = (CodeSignOnCopy, RemoveHeadersOnCopy, ); }; };
		5EBEC2F0205B399300975D3F /* LiveViewHost.framework in Embed Frameworks */ = {isa = PBXBuildFile; fileRef = 5EBEC2EF205B396500975D3F /* LiveViewHost.framework */; settings = {ATTRIBUTES = (CodeSignOnCopy, RemoveHeadersOnCopy, ); }; };
		5EF2F97C2054B6E400191409 /* ManifestPlist.strings in Resources */ = {isa = PBXBuildFile; fileRef = 5EF2F97E2054B6E400191409 /* ManifestPlist.strings */; };
		5EF2F9AE2054BBF300191409 /* LiveViewController.swift in Sources */ = {isa = PBXBuildFile; fileRef = 5EF2F9AD2054BBF300191409 /* LiveViewController.swift */; };
		5EF2F9B72054E6FB00191409 /* Chapters in Copy Book Contents */ = {isa = PBXBuildFile; fileRef = 5EF2F9B62054E6F900191409 /* Chapters */; };
		5EF2F9B82054E6FE00191409 /* Sources in Copy Book Contents */ = {isa = PBXBuildFile; fileRef = 5EF2F9A52054BBB200191409 /* Sources */; };
/* End PBXBuildFile section */

/* Begin PBXBuildRule section */
		5E086DD42051E415004D8D25 /* PBXBuildRule */ = {
			isa = PBXBuildRule;
			compilerSpec = com.apple.compilers.proxy.script;
			filePatterns = "*/Manifest.plist";
			fileType = pattern.proxy;
			isEditable = 1;
			outputFiles = (
				"$(DERIVED_FILE_DIR)/$(INPUT_FILE_NAME)",
			);
			script = "mkdir -p \"${DERIVED_FILE_DIR}\"\n\n\"${PROJECT_DIR}\"/SupportingContent/Tools/expandBuildSettingReferences --output \"${SCRIPT_OUTPUT_FILE_0}\" --use-environment \"${SCRIPT_INPUT_FILE}\"\n";
		};
/* End PBXBuildRule section */

/* Begin PBXContainerItemProxy section */
		5EA2E3CF2056F36100416A35 /* PBXContainerItemProxy */ = {
			isa = PBXContainerItemProxy;
			containerPortal = 5E2A7ADD204F611300F4E17A /* Project object */;
			proxyType = 1;
			remoteGlobalIDString = 5E086DBF2051C5A7004D8D25;
			remoteInfo = PlaygroundBook;
		};
		5EA2E3D12056F36300416A35 /* PBXContainerItemProxy */ = {
			isa = PBXContainerItemProxy;
			containerPortal = 5E2A7ADD204F611300F4E17A /* Project object */;
			proxyType = 1;
			remoteGlobalIDString = 5EF2F9AA2054BBF300191409;
			remoteInfo = Book_Sources;
		};
		5EF2F9B42054BDD100191409 /* PBXContainerItemProxy */ = {
			isa = PBXContainerItemProxy;
			containerPortal = 5E2A7ADD204F611300F4E17A /* Project object */;
			proxyType = 1;
			remoteGlobalIDString = 5EF2F9AA2054BBF300191409;
			remoteInfo = Book_Sources;
		};
/* End PBXContainerItemProxy section */

/* Begin PBXCopyFilesBuildPhase section */
		5E086DD22051E35D004D8D25 /* Copy Book Contents */ = {
			isa = PBXCopyFilesBuildPhase;
			buildActionMask = 2147483647;
			dstPath = "$(CONTENTS_FOLDER_PATH)";
			dstSubfolderSpec = 16;
			files = (
				5E086DD32051E3A3004D8D25 /* Manifest.plist in Copy Book Contents */,
				5EF2F9B72054E6FB00191409 /* Chapters in Copy Book Contents */,
				5EF2F9B82054E6FE00191409 /* Sources in Copy Book Contents */,
			);
			name = "Copy Book Contents";
			runOnlyForDeploymentPostprocessing = 0;
		};
		5EA2E3D92056F8BD00416A35 /* Embed Frameworks */ = {
			isa = PBXCopyFilesBuildPhase;
			buildActionMask = 2147483647;
			dstPath = "";
			dstSubfolderSpec = 10;
			files = (
				5EBEC2F0205B399300975D3F /* LiveViewHost.framework in Embed Frameworks */,
				5EA2E3DA2056F8D100416A35 /* PlaygroundBluetooth.framework in Embed Frameworks */,
				5EA2E3DB2056F8D100416A35 /* PlaygroundSupport.framework in Embed Frameworks */,
			);
			name = "Embed Frameworks";
			runOnlyForDeploymentPostprocessing = 0;
		};
/* End PBXCopyFilesBuildPhase section */

/* Begin PBXFileReference section */
		1B1C51F3223E866C00DD869F /* Common.swift */ = {isa = PBXFileReference; lastKnownFileType = sourcecode.swift; path = Common.swift; sourceTree = "<group>"; };
		1B1C51F7223FD2C400DD869F /* TestViewController.swift */ = {isa = PBXFileReference; lastKnownFileType = sourcecode.swift; path = TestViewController.swift; sourceTree = "<group>"; };
		1B1C528022407F9400DD869F /* MuseMLModel.swift */ = {isa = PBXFileReference; fileEncoding = 4; lastKnownFileType = sourcecode.swift; path = MuseMLModel.swift; sourceTree = "<group>"; };
		1B1C52822240801200DD869F /* MuseMLModel.mlmodelc */ = {isa = PBXFileReference; lastKnownFileType = folder; path = MuseMLModel.mlmodelc; sourceTree = "<group>"; };
		1B1C52842240812700DD869F /* defaultImage.jpg */ = {isa = PBXFileReference; lastKnownFileType = image.jpeg; path = defaultImage.jpg; sourceTree = "<group>"; };
		1B1C528922408D5400DD869F /* PrincessMLModel.mlmodelc */ = {isa = PBXFileReference; lastKnownFileType = folder; path = PrincessMLModel.mlmodelc; sourceTree = "<group>"; };
		1B1C528B22408D5D00DD869F /* ScreamMLModel.mlmodelc */ = {isa = PBXFileReference; lastKnownFileType = folder; path = ScreamMLModel.mlmodelc; sourceTree = "<group>"; };
		1B1C528D22408D6500DD869F /* ShipwreckMLModel.mlmodelc */ = {isa = PBXFileReference; lastKnownFileType = folder; path = ShipwreckMLModel.mlmodelc; sourceTree = "<group>"; };
		1B1C528F22408D6E00DD869F /* StarryNightMLModel.mlmodelc */ = {isa = PBXFileReference; lastKnownFileType = folder; path = StarryNightMLModel.mlmodelc; sourceTree = "<group>"; };
		1B1C529122408D7900DD869F /* UdnieMLModel.mlmodelc */ = {isa = PBXFileReference; lastKnownFileType = folder; path = UdnieMLModel.mlmodelc; sourceTree = "<group>"; };
		1B1C529322408D8100DD869F /* WaveMLModel.mlmodelc */ = {isa = PBXFileReference; lastKnownFileType = folder; path = WaveMLModel.mlmodelc; sourceTree = "<group>"; };
		1B1C529522408E0D00DD869F /* PrincessMLModel.swift */ = {isa = PBXFileReference; fileEncoding = 4; lastKnownFileType = sourcecode.swift; path = PrincessMLModel.swift; sourceTree = "<group>"; };
		1B1C529722408E1C00DD869F /* ScreamMLModel.swift */ = {isa = PBXFileReference; fileEncoding = 4; lastKnownFileType = sourcecode.swift; path = ScreamMLModel.swift; sourceTree = "<group>"; };
		1B1C529922408E2400DD869F /* ShipwreckMLModel.swift */ = {isa = PBXFileReference; fileEncoding = 4; lastKnownFileType = sourcecode.swift; path = ShipwreckMLModel.swift; sourceTree = "<group>"; };
		1B1C529D22408E3A00DD869F /* UdnieMLModel.swift */ = {isa = PBXFileReference; fileEncoding = 4; lastKnownFileType = sourcecode.swift; path = UdnieMLModel.swift; sourceTree = "<group>"; };
		1B1C529F22408E5100DD869F /* WaveMLModel.swift */ = {isa = PBXFileReference; fileEncoding = 4; lastKnownFileType = sourcecode.swift; path = WaveMLModel.swift; sourceTree = "<group>"; };
		1B1C52A122408E6200DD869F /* StarryNightMLModel.swift */ = {isa = PBXFileReference; fileEncoding = 4; lastKnownFileType = sourcecode.swift; path = StarryNightMLModel.swift; sourceTree = "<group>"; };
		1B1C52A5224231FD00DD869F /* bg.png */ = {isa = PBXFileReference; lastKnownFileType = image.png; path = bg.png; sourceTree = "<group>"; };
		1B1C52BD2243C65000DD869F /* PageOneViewController.swift */ = {isa = PBXFileReference; lastKnownFileType = sourcecode.swift; path = PageOneViewController.swift; sourceTree = "<group>"; };
		1BE064C4224504BF00526363 /* ArtCamera_Icon.jpg */ = {isa = PBXFileReference; lastKnownFileType = image.jpeg; path = ArtCamera_Icon.jpg; sourceTree = "<group>"; };
		1BE064DE2245F36A00526363 /* PageTwoViewController.swift */ = {isa = PBXFileReference; lastKnownFileType = sourcecode.swift; path = PageTwoViewController.swift; sourceTree = "<group>"; };
		1BE064F82247CAFC00526363 /* camera_scream.png */ = {isa = PBXFileReference; lastKnownFileType = image.png; path = camera_scream.png; sourceTree = "<group>"; };
		1BE064F92247CAFC00526363 /* camera_starry.png */ = {isa = PBXFileReference; lastKnownFileType = image.png; path = camera_starry.png; sourceTree = "<group>"; };
		1BE064FA2247CAFC00526363 /* camera_udnie.png */ = {isa = PBXFileReference; lastKnownFileType = image.png; path = camera_udnie.png; sourceTree = "<group>"; };
		1BE064FB2247CAFC00526363 /* camera_default.png */ = {isa = PBXFileReference; lastKnownFileType = image.png; path = camera_default.png; sourceTree = "<group>"; };
		1BE064FC2247CAFC00526363 /* camera_wave.png */ = {isa = PBXFileReference; lastKnownFileType = image.png; path = camera_wave.png; sourceTree = "<group>"; };
		1BE064FD2247CAFC00526363 /* camera_muse.png */ = {isa = PBXFileReference; lastKnownFileType = image.png; path = camera_muse.png; sourceTree = "<group>"; };
		1BE064FE2247CAFC00526363 /* camera_princess.png */ = {isa = PBXFileReference; lastKnownFileType = image.png; path = camera_princess.png; sourceTree = "<group>"; };
		1BE064FF2247CAFC00526363 /* camera_wreck.png */ = {isa = PBXFileReference; lastKnownFileType = image.png; path = camera_wreck.png; sourceTree = "<group>"; };
		1BE065082247CB6E00526363 /* StarryNight.jpeg */ = {isa = PBXFileReference; lastKnownFileType = image.jpeg; path = StarryNight.jpeg; sourceTree = "<group>"; };
		1BE0650A2247CCC100526363 /* demo.jpg */ = {isa = PBXFileReference; lastKnownFileType = image.jpeg; path = demo.jpg; sourceTree = "<group>"; };
		1BE0650E2247DD0400526363 /* PageThreeViewController.swift */ = {isa = PBXFileReference; lastKnownFileType = sourcecode.swift; path = PageThreeViewController.swift; sourceTree = "<group>"; };
		1BE065102247E01300526363 /* ARViewController.swift */ = {isa = PBXFileReference; lastKnownFileType = sourcecode.swift; path = ARViewController.swift; sourceTree = "<group>"; };
		1BE065122247E08B00526363 /* Plane.swift */ = {isa = PBXFileReference; lastKnownFileType = sourcecode.swift; path = Plane.swift; sourceTree = "<group>"; };
		1BE065142247EEEA00526363 /* twitter.png */ = {isa = PBXFileReference; lastKnownFileType = image.png; path = twitter.png; sourceTree = "<group>"; };
		1BE065152247EEEA00526363 /* xk.png */ = {isa = PBXFileReference; lastKnownFileType = image.png; path = xk.png; sourceTree = "<group>"; };
		1BE065162247EEEA00526363 /* pld.png */ = {isa = PBXFileReference; lastKnownFileType = image.png; path = pld.png; sourceTree = "<group>"; };
		1BE0651A2248029700526363 /* demo2.png */ = {isa = PBXFileReference; lastKnownFileType = image.png; path = demo2.png; sourceTree = "<group>"; };
		5E086DC02051C5A7004D8D25 /* Art Camera.playgroundbook */ = {isa = PBXFileReference; explicitFileType = wrapper.cfbundle; includeInIndex = 0; path = "Art Camera.playgroundbook"; sourceTree = BUILT_PRODUCTS_DIR; };
		5E086DC72051DD03004D8D25 /* BookOverridingBuildSettings.xcconfig */ = {isa = PBXFileReference; lastKnownFileType = text.xcconfig; path = BookOverridingBuildSettings.xcconfig; sourceTree = "<group>"; };
		5E086DCD2051DDB8004D8D25 /* Base */ = {isa = PBXFileReference; lastKnownFileType = file.storyboard; name = Base; path = Base.lproj/LiveView.storyboard; sourceTree = "<group>"; };
		5E086DCF2051DF0F004D8D25 /* Manifest.plist */ = {isa = PBXFileReference; lastKnownFileType = text.plist.xml; path = Manifest.plist; sourceTree = "<group>"; };
		5E0E37522065981C008FA4BE /* BuildSettings.xcconfig */ = {isa = PBXFileReference; lastKnownFileType = text.xcconfig; path = BuildSettings.xcconfig; sourceTree = "<group>"; };
		5E0E37542065A065008FA4BE /* README.md */ = {isa = PBXFileReference; lastKnownFileType = net.daringfireball.markdown; path = README.md; sourceTree = "<group>"; };
		5E1004BE208E7F6E00BCFE70 /* LICENSE.txt */ = {isa = PBXFileReference; lastKnownFileType = text; path = LICENSE.txt; sourceTree = "<group>"; };
		5E2A7AE6204F630600F4E17A /* BaseBuildSettings.xcconfig */ = {isa = PBXFileReference; lastKnownFileType = text.xcconfig; path = BaseBuildSettings.xcconfig; sourceTree = "<group>"; };
		5E3196F22061DEA40077BBD7 /* LiveViewSupport.swift */ = {isa = PBXFileReference; lastKnownFileType = sourcecode.swift; path = LiveViewSupport.swift; sourceTree = "<group>"; };
		5EA2E3BD2056F35A00416A35 /* LiveViewTestApp.app */ = {isa = PBXFileReference; explicitFileType = wrapper.application; includeInIndex = 0; path = LiveViewTestApp.app; sourceTree = BUILT_PRODUCTS_DIR; };
		5EA2E3BF2056F35A00416A35 /* AppDelegate.swift */ = {isa = PBXFileReference; lastKnownFileType = sourcecode.swift; path = AppDelegate.swift; sourceTree = "<group>"; };
		5EA2E3C92056F35B00416A35 /* Base */ = {isa = PBXFileReference; lastKnownFileType = file.storyboard; name = Base; path = Base.lproj/LiveViewTestAppLaunchScreen.storyboard; sourceTree = "<group>"; };
		5EA2E3CB2056F35B00416A35 /* Info.plist */ = {isa = PBXFileReference; lastKnownFileType = text.plist.xml; path = Info.plist; sourceTree = "<group>"; };
		5EA2E3D72056F88700416A35 /* PlaygroundSupport.framework */ = {isa = PBXFileReference; lastKnownFileType = wrapper.framework; path = PlaygroundSupport.framework; sourceTree = PLAYGROUNDS_FRAMEWORKS_DIR; };
		5EA2E3D82056F88700416A35 /* PlaygroundBluetooth.framework */ = {isa = PBXFileReference; lastKnownFileType = wrapper.framework; path = PlaygroundBluetooth.framework; sourceTree = PLAYGROUNDS_FRAMEWORKS_DIR; };
		5EBEC2EF205B396500975D3F /* LiveViewHost.framework */ = {isa = PBXFileReference; lastKnownFileType = wrapper.framework; path = LiveViewHost.framework; sourceTree = OTHER_FRAMEWORKS_DIR; };
		5EF2F97D2054B6E400191409 /* en */ = {isa = PBXFileReference; lastKnownFileType = text.plist.strings; name = en; path = en.lproj/ManifestPlist.strings; sourceTree = "<group>"; };
		5EF2F9A52054BBB200191409 /* Sources */ = {isa = PBXFileReference; lastKnownFileType = folder; path = Sources; sourceTree = "<group>"; };
		5EF2F9AB2054BBF300191409 /* libBook_Sources.a */ = {isa = PBXFileReference; explicitFileType = archive.ar; includeInIndex = 0; path = libBook_Sources.a; sourceTree = BUILT_PRODUCTS_DIR; };
		5EF2F9AD2054BBF300191409 /* LiveViewController.swift */ = {isa = PBXFileReference; lastKnownFileType = sourcecode.swift; path = LiveViewController.swift; sourceTree = "<group>"; };
		5EF2F9B62054E6F900191409 /* Chapters */ = {isa = PBXFileReference; lastKnownFileType = folder; path = Chapters; sourceTree = "<group>"; };
/* End PBXFileReference section */

/* Begin PBXFrameworksBuildPhase section */
		5EA2E3BA2056F35A00416A35 /* Frameworks */ = {
			isa = PBXFrameworksBuildPhase;
			buildActionMask = 2147483647;
			files = (
				5EA2E3D42056F36800416A35 /* libBook_Sources.a in Frameworks */,
			);
			runOnlyForDeploymentPostprocessing = 0;
		};
		5EF2F9A82054BBF300191409 /* Frameworks */ = {
			isa = PBXFrameworksBuildPhase;
			buildActionMask = 2147483647;
			files = (
			);
			runOnlyForDeploymentPostprocessing = 0;
		};
/* End PBXFrameworksBuildPhase section */

/* Begin PBXGroup section */
		1B1C52862240899800DD869F /* MLModels */ = {
			isa = PBXGroup;
			children = (
				1B1C528022407F9400DD869F /* MuseMLModel.swift */,
				1B1C529522408E0D00DD869F /* PrincessMLModel.swift */,
				1B1C529722408E1C00DD869F /* ScreamMLModel.swift */,
				1B1C529922408E2400DD869F /* ShipwreckMLModel.swift */,
				1B1C52A122408E6200DD869F /* StarryNightMLModel.swift */,
				1B1C529D22408E3A00DD869F /* UdnieMLModel.swift */,
				1B1C529F22408E5100DD869F /* WaveMLModel.swift */,
			);
			path = MLModels;
			sourceTree = "<group>";
		};
		1B1C5287224089B500DD869F /* MLModelcs */ = {
			isa = PBXGroup;
			children = (
				1B1C529322408D8100DD869F /* WaveMLModel.mlmodelc */,
				1B1C529122408D7900DD869F /* UdnieMLModel.mlmodelc */,
				1B1C528F22408D6E00DD869F /* StarryNightMLModel.mlmodelc */,
				1B1C528D22408D6500DD869F /* ShipwreckMLModel.mlmodelc */,
				1B1C528B22408D5D00DD869F /* ScreamMLModel.mlmodelc */,
				1B1C528922408D5400DD869F /* PrincessMLModel.mlmodelc */,
				1B1C52822240801200DD869F /* MuseMLModel.mlmodelc */,
			);
			path = MLModelcs;
			sourceTree = "<group>";
		};
		1B1C5288224089E200DD869F /* PicResources */ = {
			isa = PBXGroup;
			children = (
				1BE065162247EEEA00526363 /* pld.png */,
				1BE065142247EEEA00526363 /* twitter.png */,
				1BE065152247EEEA00526363 /* xk.png */,
				1BE064FB2247CAFC00526363 /* camera_default.png */,
				1BE064FD2247CAFC00526363 /* camera_muse.png */,
				1BE064FE2247CAFC00526363 /* camera_princess.png */,
				1BE064F82247CAFC00526363 /* camera_scream.png */,
				1BE064F92247CAFC00526363 /* camera_starry.png */,
				1BE064FA2247CAFC00526363 /* camera_udnie.png */,
				1BE064FC2247CAFC00526363 /* camera_wave.png */,
				1BE064FF2247CAFC00526363 /* camera_wreck.png */,
				1BE064C4224504BF00526363 /* ArtCamera_Icon.jpg */,
				1BE0651A2248029700526363 /* demo2.png */,
				1B1C52A5224231FD00DD869F /* bg.png */,
				1B1C52842240812700DD869F /* defaultImage.jpg */,
				1BE065082247CB6E00526363 /* StarryNight.jpeg */,
				1BE0650A2247CCC100526363 /* demo.jpg */,
			);
			path = PicResources;
			sourceTree = "<group>";
		};
		5E086DA4204F706E004D8D25 /* Products */ = {
			isa = PBXGroup;
			children = (
				5E086DC02051C5A7004D8D25 /* Art Camera.playgroundbook */,
				5EF2F9AB2054BBF300191409 /* libBook_Sources.a */,
				5EA2E3BD2056F35A00416A35 /* LiveViewTestApp.app */,
			);
			name = Products;
			sourceTree = "<group>";
		};
		5E086DC12051C5A7004D8D25 /* PlaygroundBook */ = {
			isa = PBXGroup;
			children = (
				5E086DCF2051DF0F004D8D25 /* Manifest.plist */,
				5EF2F9A22054BB3E00191409 /* Sources */,
				5EF2F9792054B64800191409 /* PrivateResources */,
				5EF2F9B62054E6F900191409 /* Chapters */,
				5EF2F9A42054BB9500191409 /* Supporting Content */,
			);
			path = PlaygroundBook;
			sourceTree = "<group>";
		};
		5E0E3751206597E7008FA4BE /* Base */ = {
			isa = PBXGroup;
			children = (
				5E2A7AE6204F630600F4E17A /* BaseBuildSettings.xcconfig */,
			);
			path = Base;
			sourceTree = "<group>";
		};
		5E0E3753206599A0008FA4BE /* Overrides */ = {
			isa = PBXGroup;
			children = (
				5E086DC72051DD03004D8D25 /* BookOverridingBuildSettings.xcconfig */,
			);
			path = Overrides;
			sourceTree = "<group>";
		};
		5E1004BD208E7F6E00BCFE70 /* LICENSE */ = {
			isa = PBXGroup;
			children = (
				5E1004BE208E7F6E00BCFE70 /* LICENSE.txt */,
			);
			path = LICENSE;
			sourceTree = "<group>";
		};
		5E2A7ADC204F611300F4E17A = {
			isa = PBXGroup;
			children = (
				5E0E37542065A065008FA4BE /* README.md */,
				5E086DC12051C5A7004D8D25 /* PlaygroundBook */,
				5EA2E3BE2056F35A00416A35 /* LiveViewTestApp */,
				5E2A7AE3204F628B00F4E17A /* Config Files */,
				5E1004BD208E7F6E00BCFE70 /* LICENSE */,
				5EA2E3D52056F83400416A35 /* Supporting Content */,
				5E086DA4204F706E004D8D25 /* Products */,
			);
			sourceTree = "<group>";
		};
		5E2A7AE3204F628B00F4E17A /* Config Files */ = {
			isa = PBXGroup;
			children = (
				5E0E37522065981C008FA4BE /* BuildSettings.xcconfig */,
				5E0E3751206597E7008FA4BE /* Base */,
				5E0E3753206599A0008FA4BE /* Overrides */,
			);
			name = "Config Files";
			path = ConfigFiles;
			sourceTree = "<group>";
		};
		5EA2E3BE2056F35A00416A35 /* LiveViewTestApp */ = {
			isa = PBXGroup;
			children = (
				5EA2E3BF2056F35A00416A35 /* AppDelegate.swift */,
				5EA2E3C82056F35B00416A35 /* LiveViewTestAppLaunchScreen.storyboard */,
				5EA2E3CB2056F35B00416A35 /* Info.plist */,
			);
			path = LiveViewTestApp;
			sourceTree = "<group>";
		};
		5EA2E3D52056F83400416A35 /* Supporting Content */ = {
			isa = PBXGroup;
			children = (
				5EA2E3D62056F84000416A35 /* Playgrounds Frameworks */,
				5EBEC2EE205B395200975D3F /* Other Frameworks */,
			);
			name = "Supporting Content";
			sourceTree = "<group>";
		};
		5EA2E3D62056F84000416A35 /* Playgrounds Frameworks */ = {
			isa = PBXGroup;
			children = (
				5EA2E3D82056F88700416A35 /* PlaygroundBluetooth.framework */,
				5EA2E3D72056F88700416A35 /* PlaygroundSupport.framework */,
			);
			name = "Playgrounds Frameworks";
			sourceTree = "<group>";
		};
		5EBEC2EE205B395200975D3F /* Other Frameworks */ = {
			isa = PBXGroup;
			children = (
				5EBEC2EF205B396500975D3F /* LiveViewHost.framework */,
			);
			name = "Other Frameworks";
			sourceTree = "<group>";
		};
		5EF2F9792054B64800191409 /* PrivateResources */ = {
			isa = PBXGroup;
			children = (
				5EF2F97E2054B6E400191409 /* ManifestPlist.strings */,
				5E086DCC2051DDAE004D8D25 /* LiveView.storyboard */,
				1B1C5288224089E200DD869F /* PicResources */,
				1B1C5287224089B500DD869F /* MLModelcs */,
			);
			path = PrivateResources;
			sourceTree = "<group>";
		};
		5EF2F9A22054BB3E00191409 /* Sources */ = {
			isa = PBXGroup;
			children = (
				5E3196F22061DEA40077BBD7 /* LiveViewSupport.swift */,
				5EF2F9AD2054BBF300191409 /* LiveViewController.swift */,
				1B1C52BD2243C65000DD869F /* PageOneViewController.swift */,
				1BE064DE2245F36A00526363 /* PageTwoViewController.swift */,
				1BE0650E2247DD0400526363 /* PageThreeViewController.swift */,
				1BE065102247E01300526363 /* ARViewController.swift */,
				1B1C51F7223FD2C400DD869F /* TestViewController.swift */,
				1B1C51F3223E866C00DD869F /* Common.swift */,
				1BE065122247E08B00526363 /* Plane.swift */,
				1B1C52862240899800DD869F /* MLModels */,
			);
			path = Sources;
			sourceTree = "<group>";
		};
		5EF2F9A42054BB9500191409 /* Supporting Content */ = {
			isa = PBXGroup;
			children = (
				5EF2F9A52054BBB200191409 /* Sources */,
			);
			name = "Supporting Content";
			sourceTree = "<group>";
		};
/* End PBXGroup section */

/* Begin PBXNativeTarget section */
		5E086DBF2051C5A7004D8D25 /* PlaygroundBook */ = {
			isa = PBXNativeTarget;
			buildConfigurationList = 5E086DC52051C5A7004D8D25 /* Build configuration list for PBXNativeTarget "PlaygroundBook" */;
			buildPhases = (
				5E086DD22051E35D004D8D25 /* Copy Book Contents */,
				5E086DC62051DB17004D8D25 /* Resources */,
			);
			buildRules = (
				5E086DD42051E415004D8D25 /* PBXBuildRule */,
			);
			dependencies = (
				5EF2F9B52054BDD100191409 /* PBXTargetDependency */,
			);
			name = PlaygroundBook;
			productName = PlaygroundBook;
			productReference = 5E086DC02051C5A7004D8D25 /* Art Camera.playgroundbook */;
			productType = "com.apple.product-type.bundle";
		};
		5EA2E3BC2056F35A00416A35 /* LiveViewTestApp */ = {
			isa = PBXNativeTarget;
			buildConfigurationList = 5EA2E3CE2056F35B00416A35 /* Build configuration list for PBXNativeTarget "LiveViewTestApp" */;
			buildPhases = (
				5EA2E3B92056F35A00416A35 /* Sources */,
				5EA2E3BA2056F35A00416A35 /* Frameworks */,
				5EA2E3BB2056F35A00416A35 /* Resources */,
				5EA2E3D92056F8BD00416A35 /* Embed Frameworks */,
				5EA2E3DD2056FB2900416A35 /* Embed Playground Book PublicResources & PrivateResources */,
			);
			buildRules = (
			);
			dependencies = (
				5EA2E3D02056F36100416A35 /* PBXTargetDependency */,
				5EA2E3D22056F36300416A35 /* PBXTargetDependency */,
			);
			name = LiveViewTestApp;
			productName = LiveViewTestApp;
			productReference = 5EA2E3BD2056F35A00416A35 /* LiveViewTestApp.app */;
			productType = "com.apple.product-type.application";
		};
		5EF2F9AA2054BBF300191409 /* Book_Sources */ = {
			isa = PBXNativeTarget;
			buildConfigurationList = 5EF2F9AF2054BBF300191409 /* Build configuration list for PBXNativeTarget "Book_Sources" */;
			buildPhases = (
				5EF2F9A72054BBF300191409 /* Sources */,
				5EF2F9A82054BBF300191409 /* Frameworks */,
			);
			buildRules = (
			);
			dependencies = (
			);
			name = Book_Sources;
			productName = Book_Sources;
			productReference = 5EF2F9AB2054BBF300191409 /* libBook_Sources.a */;
			productType = "com.apple.product-type.library.static";
		};
/* End PBXNativeTarget section */

/* Begin PBXProject section */
		5E2A7ADD204F611300F4E17A /* Project object */ = {
			isa = PBXProject;
			attributes = {
				LastSwiftUpdateCheck = 0930;
				LastUpgradeCheck = 0930;
				TargetAttributes = {
					5E086DBF2051C5A7004D8D25 = {
						CreatedOnToolsVersion = 9.3;
					};
					5EA2E3BC2056F35A00416A35 = {
						CreatedOnToolsVersion = 9.3;
						LastSwiftMigration = 1000;
					};
					5EF2F9AA2054BBF300191409 = {
						CreatedOnToolsVersion = 9.3;
						LastSwiftMigration = 1010;
					};
				};
			};
			buildConfigurationList = 5E2A7AE0204F611300F4E17A /* Build configuration list for PBXProject "PlaygroundBook" */;
			compatibilityVersion = "Xcode 9.3";
			developmentRegion = en;
			hasScannedForEncodings = 0;
			knownRegions = (
				en,
				Base,
			);
			mainGroup = 5E2A7ADC204F611300F4E17A;
			productRefGroup = 5E086DA4204F706E004D8D25 /* Products */;
			projectDirPath = "";
			projectRoot = "";
			targets = (
				5E086DBF2051C5A7004D8D25 /* PlaygroundBook */,
				5EF2F9AA2054BBF300191409 /* Book_Sources */,
				5EA2E3BC2056F35A00416A35 /* LiveViewTestApp */,
			);
		};
/* End PBXProject section */

/* Begin PBXResourcesBuildPhase section */
		5E086DC62051DB17004D8D25 /* Resources */ = {
			isa = PBXResourcesBuildPhase;
			buildActionMask = 2147483647;
			files = (
				1BE064CD224504BF00526363 /* ArtCamera_Icon.jpg in Resources */,
				1BE065012247CAFC00526363 /* camera_starry.png in Resources */,
				1BE065032247CAFC00526363 /* camera_default.png in Resources */,
				1BE065072247CAFC00526363 /* camera_wreck.png in Resources */,
				1BE065192247EEEA00526363 /* pld.png in Resources */,
				1B1C529222408D7900DD869F /* UdnieMLModel.mlmodelc in Resources */,
				1BE065052247CAFC00526363 /* camera_muse.png in Resources */,
				1BE065022247CAFC00526363 /* camera_udnie.png in Resources */,
				1B1C528C22408D5D00DD869F /* ScreamMLModel.mlmodelc in Resources */,
				1BE065172247EEEA00526363 /* twitter.png in Resources */,
				1B1C529422408D8100DD869F /* WaveMLModel.mlmodelc in Resources */,
				5EF2F97C2054B6E400191409 /* ManifestPlist.strings in Resources */,
				1BE065092247CB6F00526363 /* StarryNight.jpeg in Resources */,
				1BE0651B2248029700526363 /* demo2.png in Resources */,
				1B1C528A22408D5400DD869F /* PrincessMLModel.mlmodelc in Resources */,
				5E086DCA2051DDAE004D8D25 /* LiveView.storyboard in Resources */,
				1BE065182247EEEA00526363 /* xk.png in Resources */,
				1BE065062247CAFC00526363 /* camera_princess.png in Resources */,
				1B1C52832240801200DD869F /* MuseMLModel.mlmodelc in Resources */,
				1B1C52852240812700DD869F /* defaultImage.jpg in Resources */,
				1BE065042247CAFC00526363 /* camera_wave.png in Resources */,
				1B1C528E22408D6500DD869F /* ShipwreckMLModel.mlmodelc in Resources */,
				1B1C52A6224231FD00DD869F /* bg.png in Resources */,
				1BE065002247CAFC00526363 /* camera_scream.png in Resources */,
				1BE0650B2247CCC100526363 /* demo.jpg in Resources */,
				1B1C529022408D6E00DD869F /* StarryNightMLModel.mlmodelc in Resources */,
			);
			runOnlyForDeploymentPostprocessing = 0;
		};
		5EA2E3BB2056F35A00416A35 /* Resources */ = {
			isa = PBXResourcesBuildPhase;
			buildActionMask = 2147483647;
			files = (
				5EA2E3CA2056F35B00416A35 /* LiveViewTestAppLaunchScreen.storyboard in Resources */,
			);
			runOnlyForDeploymentPostprocessing = 0;
		};
/* End PBXResourcesBuildPhase section */

/* Begin PBXShellScriptBuildPhase section */
		5EA2E3DD2056FB2900416A35 /* Embed Playground Book PublicResources & PrivateResources */ = {
			isa = PBXShellScriptBuildPhase;
			buildActionMask = 2147483647;
			files = (
			);
			inputPaths = (
				"$(BUILT_PRODUCTS_DIR)/PlaygroundBook.playgroundbook",
			);
			name = "Embed Playground Book PublicResources & PrivateResources";
			outputPaths = (
				"$(DERIVED_FILE_DIR)/embed-resources-marker",
			);
			runOnlyForDeploymentPostprocessing = 0;
			shellPath = /bin/sh;
			shellScript = "PLAYGROUND_BOOK_PATH=\"${BUILT_PRODUCTS_DIR}/${PLAYGROUND_BOOK_FILE_NAME}.playgroundbook\"\nPRIVATERESOURCES_FOLDER_PATH=\"${PLAYGROUND_BOOK_PATH}/Contents/PrivateResources\"\nPUBLICRESOURCES_FOLDER_PATH=\"${PLAYGROUND_BOOK_PATH}/Contents/PublicResources\"\n\nDESTINATION_FOLDER_PATH=\"${TARGET_BUILD_DIR}/${UNLOCALIZED_RESOURCES_FOLDER_PATH}\"\n\nif [[ -d \"${PRIVATERESOURCES_FOLDER_PATH}\" ]]; then\n    ditto \"${PRIVATERESOURCES_FOLDER_PATH}\" \"${DESTINATION_FOLDER_PATH}\"\nfi\n\nif [[ -d \"${PUBLICRESOURCES_FOLDER_PATH}\" ]]; then\n    ditto \"${PUBLICRESOURCES_FOLDER_PATH}\" \"${DESTINATION_FOLDER_PATH}\"\nfi\n\nmkdir -p \"${DERIVED_FILE_DIR}\"\ntouch \"${DERIVED_FILE_DIR}/embed-resources-marker\"";
		};
/* End PBXShellScriptBuildPhase section */

/* Begin PBXSourcesBuildPhase section */
		5EA2E3B92056F35A00416A35 /* Sources */ = {
			isa = PBXSourcesBuildPhase;
			buildActionMask = 2147483647;
			files = (
				5EA2E3C02056F35A00416A35 /* AppDelegate.swift in Sources */,
			);
			runOnlyForDeploymentPostprocessing = 0;
		};
		5EF2F9A72054BBF300191409 /* Sources */ = {
			isa = PBXSourcesBuildPhase;
			buildActionMask = 2147483647;
			files = (
				1BE064DF2245F36A00526363 /* PageTwoViewController.swift in Sources */,
				1B1C52BE2243C65000DD869F /* PageOneViewController.swift in Sources */,
				1B1C52A022408E5100DD869F /* WaveMLModel.swift in Sources */,
				1B1C529E22408E3A00DD869F /* UdnieMLModel.swift in Sources */,
				1B1C52A222408E6200DD869F /* StarryNightMLModel.swift in Sources */,
				1B1C528122407F9400DD869F /* MuseMLModel.swift in Sources */,
				1BE065132247E08B00526363 /* Plane.swift in Sources */,
				5E3196F32061DEA40077BBD7 /* LiveViewSupport.swift in Sources */,
				1B1C51F4223E866C00DD869F /* Common.swift in Sources */,
				1BE0650F2247DD0400526363 /* PageThreeViewController.swift in Sources */,
				1BE065112247E01300526363 /* ARViewController.swift in Sources */,
				1B1C529A22408E2400DD869F /* ShipwreckMLModel.swift in Sources */,
				1B1C529622408E0E00DD869F /* PrincessMLModel.swift in Sources */,
				1B1C51F8223FD2C400DD869F /* TestViewController.swift in Sources */,
				5EF2F9AE2054BBF300191409 /* LiveViewController.swift in Sources */,
				1B1C529822408E1C00DD869F /* ScreamMLModel.swift in Sources */,
			);
			runOnlyForDeploymentPostprocessing = 0;
		};
/* End PBXSourcesBuildPhase section */

/* Begin PBXTargetDependency section */
		5EA2E3D02056F36100416A35 /* PBXTargetDependency */ = {
			isa = PBXTargetDependency;
			target = 5E086DBF2051C5A7004D8D25 /* PlaygroundBook */;
			targetProxy = 5EA2E3CF2056F36100416A35 /* PBXContainerItemProxy */;
		};
		5EA2E3D22056F36300416A35 /* PBXTargetDependency */ = {
			isa = PBXTargetDependency;
			target = 5EF2F9AA2054BBF300191409 /* Book_Sources */;
			targetProxy = 5EA2E3D12056F36300416A35 /* PBXContainerItemProxy */;
		};
		5EF2F9B52054BDD100191409 /* PBXTargetDependency */ = {
			isa = PBXTargetDependency;
			target = 5EF2F9AA2054BBF300191409 /* Book_Sources */;
			targetProxy = 5EF2F9B42054BDD100191409 /* PBXContainerItemProxy */;
		};
/* End PBXTargetDependency section */

/* Begin PBXVariantGroup section */
		5E086DCC2051DDAE004D8D25 /* LiveView.storyboard */ = {
			isa = PBXVariantGroup;
			children = (
				5E086DCD2051DDB8004D8D25 /* Base */,
			);
			name = LiveView.storyboard;
			sourceTree = "<group>";
		};
		5EA2E3C82056F35B00416A35 /* LiveViewTestAppLaunchScreen.storyboard */ = {
			isa = PBXVariantGroup;
			children = (
				5EA2E3C92056F35B00416A35 /* Base */,
			);
			name = LiveViewTestAppLaunchScreen.storyboard;
			sourceTree = "<group>";
		};
		5EF2F97E2054B6E400191409 /* ManifestPlist.strings */ = {
			isa = PBXVariantGroup;
			children = (
				5EF2F97D2054B6E400191409 /* en */,
			);
			name = ManifestPlist.strings;
			sourceTree = "<group>";
		};
/* End PBXVariantGroup section */

/* Begin XCBuildConfiguration section */
		5E086DC32051C5A7004D8D25 /* Debug */ = {
			isa = XCBuildConfiguration;
			baseConfigurationReference = 5E086DC72051DD03004D8D25 /* BookOverridingBuildSettings.xcconfig */;
			buildSettings = {
				COMBINE_HIDPI_IMAGES = YES;
				CURRENT_PROJECT_VERSION = 1.0;
				DEVELOPMENT_TEAM = RSA8WT4A52;
				GCC_DYNAMIC_NO_PIC = NO;
				INSTALL_PATH = /;
				PRODUCT_BUNDLE_IDENTIFIER = "$(PLAYGROUND_BOOK_CONTENT_IDENTIFIER)";
				PRODUCT_NAME = "$(PLAYGROUND_BOOK_FILE_NAME)";
				SKIP_INSTALL = NO;
			};
			name = Debug;
		};
		5E086DC42051C5A7004D8D25 /* Release */ = {
			isa = XCBuildConfiguration;
			baseConfigurationReference = 5E086DC72051DD03004D8D25 /* BookOverridingBuildSettings.xcconfig */;
			buildSettings = {
				COMBINE_HIDPI_IMAGES = YES;
				CURRENT_PROJECT_VERSION = 1.0;
				INSTALL_PATH = /;
				PRODUCT_BUNDLE_IDENTIFIER = "$(PLAYGROUND_BOOK_CONTENT_IDENTIFIER)";
				PRODUCT_NAME = "$(PLAYGROUND_BOOK_FILE_NAME)";
				SKIP_INSTALL = NO;
			};
			name = Release;
		};
		5E2A7AE1204F611300F4E17A /* Debug */ = {
			isa = XCBuildConfiguration;
			baseConfigurationReference = 5E0E37522065981C008FA4BE /* BuildSettings.xcconfig */;
			buildSettings = {
				ALWAYS_SEARCH_USER_PATHS = NO;
				CLANG_ANALYZER_NONNULL = YES;
				CLANG_ANALYZER_NUMBER_OBJECT_CONVERSION = YES_AGGRESSIVE;
				CLANG_CXX_LANGUAGE_STANDARD = "gnu++14";
				CLANG_CXX_LIBRARY = "libc++";
				CLANG_ENABLE_MODULES = YES;
				CLANG_ENABLE_OBJC_ARC = YES;
				CLANG_ENABLE_OBJC_WEAK = YES;
				CLANG_WARN_BLOCK_CAPTURE_AUTORELEASING = YES;
				CLANG_WARN_BOOL_CONVERSION = YES;
				CLANG_WARN_COMMA = YES;
				CLANG_WARN_CONSTANT_CONVERSION = YES;
				CLANG_WARN_DEPRECATED_OBJC_IMPLEMENTATIONS = YES;
				CLANG_WARN_DIRECT_OBJC_ISA_USAGE = YES_ERROR;
				CLANG_WARN_DOCUMENTATION_COMMENTS = YES;
				CLANG_WARN_EMPTY_BODY = YES;
				CLANG_WARN_ENUM_CONVERSION = YES;
				CLANG_WARN_INFINITE_RECURSION = YES;
				CLANG_WARN_INT_CONVERSION = YES;
				CLANG_WARN_NON_LITERAL_NULL_CONVERSION = YES;
				CLANG_WARN_OBJC_IMPLICIT_RETAIN_SELF = YES;
				CLANG_WARN_OBJC_LITERAL_CONVERSION = YES;
				CLANG_WARN_OBJC_ROOT_CLASS = YES_ERROR;
				CLANG_WARN_RANGE_LOOP_ANALYSIS = YES;
				CLANG_WARN_STRICT_PROTOTYPES = YES;
				CLANG_WARN_SUSPICIOUS_MOVE = YES;
				CLANG_WARN_UNGUARDED_AVAILABILITY = YES_AGGRESSIVE;
				CLANG_WARN_UNREACHABLE_CODE = YES;
				CLANG_WARN__DUPLICATE_METHOD_MATCH = YES;
				COPY_PHASE_STRIP = NO;
				DEBUG_INFORMATION_FORMAT = dwarf;
				ENABLE_STRICT_OBJC_MSGSEND = YES;
				ENABLE_TESTABILITY = YES;
				GCC_C_LANGUAGE_STANDARD = gnu11;
				GCC_NO_COMMON_BLOCKS = YES;
				GCC_OPTIMIZATION_LEVEL = 0;
				GCC_PREPROCESSOR_DEFINITIONS = (
					"DEBUG=1",
					"$(inherited)",
				);
				GCC_WARN_64_TO_32_BIT_CONVERSION = YES;
				GCC_WARN_ABOUT_RETURN_TYPE = YES_ERROR;
				GCC_WARN_UNDECLARED_SELECTOR = YES;
				GCC_WARN_UNINITIALIZED_AUTOS = YES_AGGRESSIVE;
				GCC_WARN_UNUSED_FUNCTION = YES;
				GCC_WARN_UNUSED_VARIABLE = YES;
				IPHONEOS_DEPLOYMENT_TARGET = 10.3;
				MTL_ENABLE_DEBUG_INFO = YES;
				ONLY_ACTIVE_ARCH = YES;
				SDKROOT = iphoneos;
				SWIFT_ACTIVE_COMPILATION_CONDITIONS = "$(inherited) DEBUG";
				SWIFT_OPTIMIZATION_LEVEL = "-Onone";
				SWIFT_VERSION = 4.2;
			};
			name = Debug;
		};
		5E2A7AE2204F611300F4E17A /* Release */ = {
			isa = XCBuildConfiguration;
			baseConfigurationReference = 5E0E37522065981C008FA4BE /* BuildSettings.xcconfig */;
			buildSettings = {
				ALWAYS_SEARCH_USER_PATHS = NO;
				CLANG_ANALYZER_NONNULL = YES;
				CLANG_ANALYZER_NUMBER_OBJECT_CONVERSION = YES_AGGRESSIVE;
				CLANG_CXX_LANGUAGE_STANDARD = "gnu++14";
				CLANG_CXX_LIBRARY = "libc++";
				CLANG_ENABLE_MODULES = YES;
				CLANG_ENABLE_OBJC_ARC = YES;
				CLANG_ENABLE_OBJC_WEAK = YES;
				CLANG_WARN_BLOCK_CAPTURE_AUTORELEASING = YES;
				CLANG_WARN_BOOL_CONVERSION = YES;
				CLANG_WARN_COMMA = YES;
				CLANG_WARN_CONSTANT_CONVERSION = YES;
				CLANG_WARN_DEPRECATED_OBJC_IMPLEMENTATIONS = YES;
				CLANG_WARN_DIRECT_OBJC_ISA_USAGE = YES_ERROR;
				CLANG_WARN_DOCUMENTATION_COMMENTS = YES;
				CLANG_WARN_EMPTY_BODY = YES;
				CLANG_WARN_ENUM_CONVERSION = YES;
				CLANG_WARN_INFINITE_RECURSION = YES;
				CLANG_WARN_INT_CONVERSION = YES;
				CLANG_WARN_NON_LITERAL_NULL_CONVERSION = YES;
				CLANG_WARN_OBJC_IMPLICIT_RETAIN_SELF = YES;
				CLANG_WARN_OBJC_LITERAL_CONVERSION = YES;
				CLANG_WARN_OBJC_ROOT_CLASS = YES_ERROR;
				CLANG_WARN_RANGE_LOOP_ANALYSIS = YES;
				CLANG_WARN_STRICT_PROTOTYPES = YES;
				CLANG_WARN_SUSPICIOUS_MOVE = YES;
				CLANG_WARN_UNGUARDED_AVAILABILITY = YES_AGGRESSIVE;
				CLANG_WARN_UNREACHABLE_CODE = YES;
				CLANG_WARN__DUPLICATE_METHOD_MATCH = YES;
				COPY_PHASE_STRIP = NO;
				DEBUG_INFORMATION_FORMAT = "dwarf-with-dsym";
				ENABLE_NS_ASSERTIONS = NO;
				ENABLE_STRICT_OBJC_MSGSEND = YES;
				GCC_C_LANGUAGE_STANDARD = gnu11;
				GCC_NO_COMMON_BLOCKS = YES;
				GCC_WARN_64_TO_32_BIT_CONVERSION = YES;
				GCC_WARN_ABOUT_RETURN_TYPE = YES_ERROR;
				GCC_WARN_UNDECLARED_SELECTOR = YES;
				GCC_WARN_UNINITIALIZED_AUTOS = YES_AGGRESSIVE;
				GCC_WARN_UNUSED_FUNCTION = YES;
				GCC_WARN_UNUSED_VARIABLE = YES;
				IPHONEOS_DEPLOYMENT_TARGET = 10.3;
				MTL_ENABLE_DEBUG_INFO = NO;
				SDKROOT = iphoneos;
				SWIFT_COMPILATION_MODE = wholemodule;
				SWIFT_OPTIMIZATION_LEVEL = "-O";
				SWIFT_VERSION = 4.2;
			};
			name = Release;
		};
		5EA2E3CC2056F35B00416A35 /* Debug */ = {
			isa = XCBuildConfiguration;
			buildSettings = {
				ALWAYS_EMBED_SWIFT_STANDARD_LIBRARIES = YES;
				CODE_SIGN_IDENTITY = "iPhone Developer";
				CODE_SIGN_STYLE = Automatic;
				DEVELOPMENT_TEAM = "";
				GCC_DYNAMIC_NO_PIC = NO;
				INFOPLIST_FILE = LiveViewTestApp/Info.plist;
				LD_RUNPATH_SEARCH_PATHS = (
					"$(inherited)",
					"@executable_path/Frameworks",
				);
				OTHER_LDFLAGS = "-all_load";
				PRODUCT_BUNDLE_IDENTIFIER = com.example.LiveViewTestApp;
				PRODUCT_NAME = "$(TARGET_NAME)";
				SWIFT_ACTIVE_COMPILATION_CONDITIONS = DEBUG;
				SYSTEM_FRAMEWORK_SEARCH_PATHS = (
					"\"$(OTHER_FRAMEWORKS_DIR)\"",
					"$(inherited)",
				);
			};
			name = Debug;
		};
		5EA2E3CD2056F35B00416A35 /* Release */ = {
			isa = XCBuildConfiguration;
			buildSettings = {
				ALWAYS_EMBED_SWIFT_STANDARD_LIBRARIES = YES;
				CODE_SIGN_IDENTITY = "iPhone Developer";
				CODE_SIGN_STYLE = Automatic;
				DEVELOPMENT_TEAM = "";
				INFOPLIST_FILE = LiveViewTestApp/Info.plist;
				LD_RUNPATH_SEARCH_PATHS = (
					"$(inherited)",
					"@executable_path/Frameworks",
				);
				OTHER_LDFLAGS = "-all_load";
				PRODUCT_BUNDLE_IDENTIFIER = com.example.LiveViewTestApp;
				PRODUCT_NAME = "$(TARGET_NAME)";
				SYSTEM_FRAMEWORK_SEARCH_PATHS = (
					"\"$(OTHER_FRAMEWORKS_DIR)\"",
					"$(inherited)",
				);
				VALIDATE_PRODUCT = YES;
			};
			name = Release;
		};
		5EF2F9B02054BBF300191409 /* Debug */ = {
			isa = XCBuildConfiguration;
			buildSettings = {
				CLANG_ENABLE_MODULES = YES;
				CODE_SIGN_IDENTITY = "";
				CODE_SIGN_STYLE = Manual;
				GCC_DYNAMIC_NO_PIC = NO;
				LD_RUNPATH_SEARCH_PATHS = (
					"$(inherited)",
					"@executable_path/Frameworks",
					"@loader_path/Frameworks",
				);
				OTHER_LDFLAGS = "-ObjC";
				PRODUCT_NAME = "$(TARGET_NAME)";
				SKIP_INSTALL = YES;
				SWIFT_OBJC_INTERFACE_HEADER_NAME = "";
				SWIFT_OPTIMIZATION_LEVEL = "-Onone";
				SWIFT_VERSION = 4.2;
			};
			name = Debug;
		};
		5EF2F9B12054BBF300191409 /* Release */ = {
			isa = XCBuildConfiguration;
			buildSettings = {
				CLANG_ENABLE_MODULES = YES;
				CODE_SIGN_IDENTITY = "";
				CODE_SIGN_STYLE = Manual;
				LD_RUNPATH_SEARCH_PATHS = (
					"$(inherited)",
					"@executable_path/Frameworks",
					"@loader_path/Frameworks",
				);
				OTHER_LDFLAGS = "-ObjC";
				PRODUCT_NAME = "$(TARGET_NAME)";
				SKIP_INSTALL = YES;
				SWIFT_OBJC_INTERFACE_HEADER_NAME = "";
				SWIFT_VERSION = 4.2;
				VALIDATE_PRODUCT = YES;
			};
			name = Release;
		};
/* End XCBuildConfiguration section */

/* Begin XCConfigurationList section */
		5E086DC52051C5A7004D8D25 /* Build configuration list for PBXNativeTarget "PlaygroundBook" */ = {
			isa = XCConfigurationList;
			buildConfigurations = (
				5E086DC32051C5A7004D8D25 /* Debug */,
				5E086DC42051C5A7004D8D25 /* Release */,
			);
			defaultConfigurationIsVisible = 0;
			defaultConfigurationName = Release;
		};
		5E2A7AE0204F611300F4E17A /* Build configuration list for PBXProject "PlaygroundBook" */ = {
			isa = XCConfigurationList;
			buildConfigurations = (
				5E2A7AE1204F611300F4E17A /* Debug */,
				5E2A7AE2204F611300F4E17A /* Release */,
			);
			defaultConfigurationIsVisible = 0;
			defaultConfigurationName = Release;
		};
		5EA2E3CE2056F35B00416A35 /* Build configuration list for PBXNativeTarget "LiveViewTestApp" */ = {
			isa = XCConfigurationList;
			buildConfigurations = (
				5EA2E3CC2056F35B00416A35 /* Debug */,
				5EA2E3CD2056F35B00416A35 /* Release */,
			);
			defaultConfigurationIsVisible = 0;
			defaultConfigurationName = Release;
		};
		5EF2F9AF2054BBF300191409 /* Build configuration list for PBXNativeTarget "Book_Sources" */ = {
			isa = XCConfigurationList;
			buildConfigurations = (
				5EF2F9B02054BBF300191409 /* Debug */,
				5EF2F9B12054BBF300191409 /* Release */,
			);
			defaultConfigurationIsVisible = 0;
			defaultConfigurationName = Release;
		};
/* End XCConfigurationList section */
	};
	rootObject = 5E2A7ADD204F611300F4E17A /* Project object */;
}
