// !$*UTF8*$!
{
	archiveVersion = 1;
	classes = {
	};
	objectVersion = 50;
	objects = {

/* Begin PBXBuildFile section */
		1B3563D124010C96007FEDC2 /* PuzzleModel.swift in Sources */ = {isa = PBXBuildFile; fileRef = 1B3563D024010C96007FEDC2 /* PuzzleModel.swift */; };
		1B3563D324010D68007FEDC2 /* Extension+UIcolor.swift in Sources */ = {isa = PBXBuildFile; fileRef = 1B3563D224010D68007FEDC2 /* Extension+UIcolor.swift */; };
		1B8B58692400FF7A0085293A /* AppDelegate.swift in Sources */ = {isa = PBXBuildFile; fileRef = 1B8B58682400FF7A0085293A /* AppDelegate.swift */; };
		1B8B586B2400FF7A0085293A /* SceneDelegate.swift in Sources */ = {isa = PBXBuildFile; fileRef = 1B8B586A2400FF7A0085293A /* SceneDelegate.swift */; };
		1B8B586D2400FF7A0085293A /* PuzzleMainViewController.swift in Sources */ = {isa = PBXBuildFile; fileRef = 1B8B586C2400FF7A0085293A /* PuzzleMainViewController.swift */; };
		1B8B58702400FF7A0085293A /* Puzzle.storyboard in Resources */ = {isa = PBXBuildFile; fileRef = 1B8B586E2400FF7A0085293A /* Puzzle.storyboard */; };
		1B8B58722400FF7D0085293A /* Assets.xcassets in Resources */ = {isa = PBXBuildFile; fileRef = 1B8B58712400FF7D0085293A /* Assets.xcassets */; };
		1B8B58752400FF7D0085293A /* LaunchScreen.storyboard in Resources */ = {isa = PBXBuildFile; fileRef = 1B8B58732400FF7D0085293A /* LaunchScreen.storyboard */; };
		1BC5FE0D24096CAE00F77F76 /* PuzzleBoardView.swift in Sources */ = {isa = PBXBuildFile; fileRef = 1BC5FE0C24096CAE00F77F76 /* PuzzleBoardView.swift */; };
		1BC5FE0F240ACB8B00F77F76 /* PuzzleBoardCoordinator.swift in Sources */ = {isa = PBXBuildFile; fileRef = 1BC5FE0E240ACB8B00F77F76 /* PuzzleBoardCoordinator.swift */; };
		1BD435D52401073600BA0961 /* PuzzleCubeView.swift in Sources */ = {isa = PBXBuildFile; fileRef = 1BD435D42401073600BA0961 /* PuzzleCubeView.swift */; };
		1BF7B7CB2403B97700FC6D3D /* PuzzleAnimator.swift in Sources */ = {isa = PBXBuildFile; fileRef = 1BF7B7CA2403B97700FC6D3D /* PuzzleAnimator.swift */; };
/* End PBXBuildFile section */

/* Begin PBXFileReference section */
		1B3563D024010C96007FEDC2 /* PuzzleModel.swift */ = {isa = PBXFileReference; lastKnownFileType = sourcecode.swift; path = PuzzleModel.swift; sourceTree = "<group>"; };
		1B3563D224010D68007FEDC2 /* Extension+UIcolor.swift */ = {isa = PBXFileReference; lastKnownFileType = sourcecode.swift; path = "Extension+UIcolor.swift"; sourceTree = "<group>"; };
		1B8B58652400FF7A0085293A /* 2048.app */ = {isa = PBXFileReference; explicitFileType = wrapper.application; includeInIndex = 0; path = 2048.app; sourceTree = BUILT_PRODUCTS_DIR; };
		1B8B58682400FF7A0085293A /* AppDelegate.swift */ = {isa = PBXFileReference; lastKnownFileType = sourcecode.swift; path = AppDelegate.swift; sourceTree = "<group>"; };
		1B8B586A2400FF7A0085293A /* SceneDelegate.swift */ = {isa = PBXFileReference; lastKnownFileType = sourcecode.swift; path = SceneDelegate.swift; sourceTree = "<group>"; };
		1B8B586C2400FF7A0085293A /* PuzzleMainViewController.swift */ = {isa = PBXFileReference; lastKnownFileType = sourcecode.swift; path = PuzzleMainViewController.swift; sourceTree = "<group>"; };
		1B8B586F2400FF7A0085293A /* Base */ = {isa = PBXFileReference; lastKnownFileType = file.storyboard; name = Base; path = Base.lproj/Puzzle.storyboard; sourceTree = "<group>"; };
		1B8B58712400FF7D0085293A /* Assets.xcassets */ = {isa = PBXFileReference; lastKnownFileType = folder.assetcatalog; path = Assets.xcassets; sourceTree = "<group>"; };
		1B8B58742400FF7D0085293A /* Base */ = {isa = PBXFileReference; lastKnownFileType = file.storyboard; name = Base; path = Base.lproj/LaunchScreen.storyboard; sourceTree = "<group>"; };
		1B8B58762400FF7D0085293A /* Info.plist */ = {isa = PBXFileReference; lastKnownFileType = text.plist.xml; path = Info.plist; sourceTree = "<group>"; };
		1BC5FE0C24096CAE00F77F76 /* PuzzleBoardView.swift */ = {isa = PBXFileReference; lastKnownFileType = sourcecode.swift; path = PuzzleBoardView.swift; sourceTree = "<group>"; };
		1BC5FE0E240ACB8B00F77F76 /* PuzzleBoardCoordinator.swift */ = {isa = PBXFileReference; lastKnownFileType = sourcecode.swift; path = PuzzleBoardCoordinator.swift; sourceTree = "<group>"; };
		1BD435D42401073600BA0961 /* PuzzleCubeView.swift */ = {isa = PBXFileReference; lastKnownFileType = sourcecode.swift; path = PuzzleCubeView.swift; sourceTree = "<group>"; };
		1BF7B7CA2403B97700FC6D3D /* PuzzleAnimator.swift */ = {isa = PBXFileReference; lastKnownFileType = sourcecode.swift; path = PuzzleAnimator.swift; sourceTree = "<group>"; };
/* End PBXFileReference section */

/* Begin PBXFrameworksBuildPhase section */
		1B8B58622400FF7A0085293A /* Frameworks */ = {
			isa = PBXFrameworksBuildPhase;
			buildActionMask = 2147483647;
			files = (
			);
			runOnlyForDeploymentPostprocessing = 0;
		};
/* End PBXFrameworksBuildPhase section */

/* Begin PBXGroup section */
		1B8B585C2400FF790085293A = {
			isa = PBXGroup;
			children = (
				1B8B58672400FF7A0085293A /* 2048 */,
				1B8B58662400FF7A0085293A /* Products */,
			);
			sourceTree = "<group>";
		};
		1B8B58662400FF7A0085293A /* Products */ = {
			isa = PBXGroup;
			children = (
				1B8B58652400FF7A0085293A /* 2048.app */,
			);
			name = Products;
			sourceTree = "<group>";
		};
		1B8B58672400FF7A0085293A /* 2048 */ = {
			isa = PBXGroup;
			children = (
				1B8B58682400FF7A0085293A /* AppDelegate.swift */,
				1B8B586A2400FF7A0085293A /* SceneDelegate.swift */,
				1B8B586C2400FF7A0085293A /* PuzzleMainViewController.swift */,
				1BC5FE0C24096CAE00F77F76 /* PuzzleBoardView.swift */,
				1BC5FE0E240ACB8B00F77F76 /* PuzzleBoardCoordinator.swift */,
				1BD435D42401073600BA0961 /* PuzzleCubeView.swift */,
				1B3563D024010C96007FEDC2 /* PuzzleModel.swift */,
				1BF7B7CA2403B97700FC6D3D /* PuzzleAnimator.swift */,
				1B3563D224010D68007FEDC2 /* Extension+UIcolor.swift */,
				1B8B586E2400FF7A0085293A /* Puzzle.storyboard */,
				1B8B58712400FF7D0085293A /* Assets.xcassets */,
				1B8B58732400FF7D0085293A /* LaunchScreen.storyboard */,
				1B8B58762400FF7D0085293A /* Info.plist */,
			);
			path = 2048;
			sourceTree = "<group>";
		};
/* End PBXGroup section */

/* Begin PBXNativeTarget section */
		1B8B58642400FF7A0085293A /* 2048 */ = {
			isa = PBXNativeTarget;
			buildConfigurationList = 1B8B58792400FF7D0085293A /* Build configuration list for PBXNativeTarget "2048" */;
			buildPhases = (
				1B8B58612400FF7A0085293A /* Sources */,
				1B8B58622400FF7A0085293A /* Frameworks */,
				1B8B58632400FF7A0085293A /* Resources */,
			);
			buildRules = (
			);
			dependencies = (
			);
			name = 2048;
			productName = 2048;
			productReference = 1B8B58652400FF7A0085293A /* 2048.app */;
			productType = "com.apple.product-type.application";
		};
/* End PBXNativeTarget section */

/* Begin PBXProject section */
		1B8B585D2400FF7A0085293A /* Project object */ = {
			isa = PBXProject;
			attributes = {
				LastSwiftUpdateCheck = 1130;
				LastUpgradeCheck = 1130;
				ORGANIZATIONNAME = "吉乞悠";
				TargetAttributes = {
					1B8B58642400FF7A0085293A = {
						CreatedOnToolsVersion = 11.3.1;
					};
				};
			};
			buildConfigurationList = 1B8B58602400FF7A0085293A /* Build configuration list for PBXProject "2048" */;
			compatibilityVersion = "Xcode 9.3";
			developmentRegion = en;
			hasScannedForEncodings = 0;
			knownRegions = (
				en,
				Base,
			);
			mainGroup = 1B8B585C2400FF790085293A;
			productRefGroup = 1B8B58662400FF7A0085293A /* Products */;
			projectDirPath = "";
			projectRoot = "";
			targets = (
				1B8B58642400FF7A0085293A /* 2048 */,
			);
		};
/* End PBXProject section */

/* Begin PBXResourcesBuildPhase section */
		1B8B58632400FF7A0085293A /* Resources */ = {
			isa = PBXResourcesBuildPhase;
			buildActionMask = 2147483647;
			files = (
				1B8B58752400FF7D0085293A /* LaunchScreen.storyboard in Resources */,
				1B8B58722400FF7D0085293A /* Assets.xcassets in Resources */,
				1B8B58702400FF7A0085293A /* Puzzle.storyboard in Resources */,
			);
			runOnlyForDeploymentPostprocessing = 0;
		};
/* End PBXResourcesBuildPhase section */

/* Begin PBXSourcesBuildPhase section */
		1B8B58612400FF7A0085293A /* Sources */ = {
			isa = PBXSourcesBuildPhase;
			buildActionMask = 2147483647;
			files = (
				1BC5FE0F240ACB8B00F77F76 /* PuzzleBoardCoordinator.swift in Sources */,
				1B3563D324010D68007FEDC2 /* Extension+UIcolor.swift in Sources */,
				1B8B586D2400FF7A0085293A /* PuzzleMainViewController.swift in Sources */,
				1B8B58692400FF7A0085293A /* AppDelegate.swift in Sources */,
				1B8B586B2400FF7A0085293A /* SceneDelegate.swift in Sources */,
				1BF7B7CB2403B97700FC6D3D /* PuzzleAnimator.swift in Sources */,
				1BC5FE0D24096CAE00F77F76 /* PuzzleBoardView.swift in Sources */,
				1B3563D124010C96007FEDC2 /* PuzzleModel.swift in Sources */,
				1BD435D52401073600BA0961 /* PuzzleCubeView.swift in Sources */,
			);
			runOnlyForDeploymentPostprocessing = 0;
		};
/* End PBXSourcesBuildPhase section */

/* Begin PBXVariantGroup section */
		1B8B586E2400FF7A0085293A /* Puzzle.storyboard */ = {
			isa = PBXVariantGroup;
			children = (
				1B8B586F2400FF7A0085293A /* Base */,
			);
			name = Puzzle.storyboard;
			sourceTree = "<group>";
		};
		1B8B58732400FF7D0085293A /* LaunchScreen.storyboard */ = {
			isa = PBXVariantGroup;
			children = (
				1B8B58742400FF7D0085293A /* Base */,
			);
			name = LaunchScreen.storyboard;
			sourceTree = "<group>";
		};
/* End PBXVariantGroup section */

/* Begin XCBuildConfiguration section */
		1B8B58772400FF7D0085293A /* Debug */ = {
			isa = XCBuildConfiguration;
			buildSettings = {
				ALWAYS_SEARCH_USER_PATHS = NO;
				CLANG_ANALYZER_NONNULL = YES;
				CLANG_ANALYZER_NUMBER_OBJECT_CONVERSION = YES_AGGRESSIVE;
				CLANG_CXX_LANGUAGE_STANDARD = "gnu++14";
				CLANG_CXX_LIBRARY = "libc++";
				CLANG_ENABLE_MODULES = YES;
				CLANG_ENABLE_OBJC_ARC = YES;
				CLANG_ENABLE_OBJC_WEAK = YES;
				CLANG_WARN_BLOCK_CAPTURE_AUTORELEASING = YES;
				CLANG_WARN_BOOL_CONVERSION = YES;
				CLANG_WARN_COMMA = YES;
				CLANG_WARN_CONSTANT_CONVERSION = YES;
				CLANG_WARN_DEPRECATED_OBJC_IMPLEMENTATIONS = YES;
				CLANG_WARN_DIRECT_OBJC_ISA_USAGE = YES_ERROR;
				CLANG_WARN_DOCUMENTATION_COMMENTS = YES;
				CLANG_WARN_EMPTY_BODY = YES;
				CLANG_WARN_ENUM_CONVERSION = YES;
				CLANG_WARN_INFINITE_RECURSION = YES;
				CLANG_WARN_INT_CONVERSION = YES;
				CLANG_WARN_NON_LITERAL_NULL_CONVERSION = YES;
				CLANG_WARN_OBJC_IMPLICIT_RETAIN_SELF = YES;
				CLANG_WARN_OBJC_LITERAL_CONVERSION = YES;
				CLANG_WARN_OBJC_ROOT_CLASS = YES_ERROR;
				CLANG_WARN_RANGE_LOOP_ANALYSIS = YES;
				CLANG_WARN_STRICT_PROTOTYPES = YES;
				CLANG_WARN_SUSPICIOUS_MOVE = YES;
				CLANG_WARN_UNGUARDED_AVAILABILITY = YES_AGGRESSIVE;
				CLANG_WARN_UNREACHABLE_CODE = YES;
				CLANG_WARN__DUPLICATE_METHOD_MATCH = YES;
				COPY_PHASE_STRIP = NO;
				DEBUG_INFORMATION_FORMAT = dwarf;
				ENABLE_STRICT_OBJC_MSGSEND = YES;
				ENABLE_TESTABILITY = YES;
				GCC_C_LANGUAGE_STANDARD = gnu11;
				GCC_DYNAMIC_NO_PIC = NO;
				GCC_NO_COMMON_BLOCKS = YES;
				GCC_OPTIMIZATION_LEVEL = 0;
				GCC_PREPROCESSOR_DEFINITIONS = (
					"DEBUG=1",
					"$(inherited)",
				);
				GCC_WARN_64_TO_32_BIT_CONVERSION = YES;
				GCC_WARN_ABOUT_RETURN_TYPE = YES_ERROR;
				GCC_WARN_UNDECLARED_SELECTOR = YES;
				GCC_WARN_UNINITIALIZED_AUTOS = YES_AGGRESSIVE;
				GCC_WARN_UNUSED_FUNCTION = YES;
				GCC_WARN_UNUSED_VARIABLE = YES;
				IPHONEOS_DEPLOYMENT_TARGET = 13.2;
				MTL_ENABLE_DEBUG_INFO = INCLUDE_SOURCE;
				MTL_FAST_MATH = YES;
				ONLY_ACTIVE_ARCH = YES;
				SDKROOT = iphoneos;
				SWIFT_ACTIVE_COMPILATION_CONDITIONS = DEBUG;
				SWIFT_OPTIMIZATION_LEVEL = "-Onone";
			};
			name = Debug;
		};
		1B8B58782400FF7D0085293A /* Release */ = {
			isa = XCBuildConfiguration;
			buildSettings = {
				ALWAYS_SEARCH_USER_PATHS = NO;
				CLANG_ANALYZER_NONNULL = YES;
				CLANG_ANALYZER_NUMBER_OBJECT_CONVERSION = YES_AGGRESSIVE;
				CLANG_CXX_LANGUAGE_STANDARD = "gnu++14";
				CLANG_CXX_LIBRARY = "libc++";
				CLANG_ENABLE_MODULES = YES;
				CLANG_ENABLE_OBJC_ARC = YES;
				CLANG_ENABLE_OBJC_WEAK = YES;
				CLANG_WARN_BLOCK_CAPTURE_AUTORELEASING = YES;
				CLANG_WARN_BOOL_CONVERSION = YES;
				CLANG_WARN_COMMA = YES;
				CLANG_WARN_CONSTANT_CONVERSION = YES;
				CLANG_WARN_DEPRECATED_OBJC_IMPLEMENTATIONS = YES;
				CLANG_WARN_DIRECT_OBJC_ISA_USAGE = YES_ERROR;
				CLANG_WARN_DOCUMENTATION_COMMENTS = YES;
				CLANG_WARN_EMPTY_BODY = YES;
				CLANG_WARN_ENUM_CONVERSION = YES;
				CLANG_WARN_INFINITE_RECURSION = YES;
				CLANG_WARN_INT_CONVERSION = YES;
				CLANG_WARN_NON_LITERAL_NULL_CONVERSION = YES;
				CLANG_WARN_OBJC_IMPLICIT_RETAIN_SELF = YES;
				CLANG_WARN_OBJC_LITERAL_CONVERSION = YES;
				CLANG_WARN_OBJC_ROOT_CLASS = YES_ERROR;
				CLANG_WARN_RANGE_LOOP_ANALYSIS = YES;
				CLANG_WARN_STRICT_PROTOTYPES = YES;
				CLANG_WARN_SUSPICIOUS_MOVE = YES;
				CLANG_WARN_UNGUARDED_AVAILABILITY = YES_AGGRESSIVE;
				CLANG_WARN_UNREACHABLE_CODE = YES;
				CLANG_WARN__DUPLICATE_METHOD_MATCH = YES;
				COPY_PHASE_STRIP = NO;
				DEBUG_INFORMATION_FORMAT = "dwarf-with-dsym";
				ENABLE_NS_ASSERTIONS = NO;
				ENABLE_STRICT_OBJC_MSGSEND = YES;
				GCC_C_LANGUAGE_STANDARD = gnu11;
				GCC_NO_COMMON_BLOCKS = YES;
				GCC_WARN_64_TO_32_BIT_CONVERSION = YES;
				GCC_WARN_ABOUT_RETURN_TYPE = YES_ERROR;
				GCC_WARN_UNDECLARED_SELECTOR = YES;
				GCC_WARN_UNINITIALIZED_AUTOS = YES_AGGRESSIVE;
				GCC_WARN_UNUSED_FUNCTION = YES;
				GCC_WARN_UNUSED_VARIABLE = YES;
				IPHONEOS_DEPLOYMENT_TARGET = 13.2;
				MTL_ENABLE_DEBUG_INFO = NO;
				MTL_FAST_MATH = YES;
				SDKROOT = iphoneos;
				SWIFT_COMPILATION_MODE = wholemodule;
				SWIFT_OPTIMIZATION_LEVEL = "-O";
				VALIDATE_PRODUCT = YES;
			};
			name = Release;
		};
		1B8B587A2400FF7D0085293A /* Debug */ = {
			isa = XCBuildConfiguration;
			buildSettings = {
				ASSETCATALOG_COMPILER_APPICON_NAME = AppIcon;
				CODE_SIGN_STYLE = Automatic;
				DEVELOPMENT_TEAM = RSA8WT4A52;
				INFOPLIST_FILE = 2048/Info.plist;
				LD_RUNPATH_SEARCH_PATHS = (
					"$(inherited)",
					"@executable_path/Frameworks",
				);
				PRODUCT_BUNDLE_IDENTIFIER = "mimosa.-048";
				PRODUCT_NAME = "$(TARGET_NAME)";
				SWIFT_VERSION = 5.0;
				TARGETED_DEVICE_FAMILY = "1,2";
			};
			name = Debug;
		};
		1B8B587B2400FF7D0085293A /* Release */ = {
			isa = XCBuildConfiguration;
			buildSettings = {
				ASSETCATALOG_COMPILER_APPICON_NAME = AppIcon;
				CODE_SIGN_STYLE = Automatic;
				DEVELOPMENT_TEAM = RSA8WT4A52;
				INFOPLIST_FILE = 2048/Info.plist;
				LD_RUNPATH_SEARCH_PATHS = (
					"$(inherited)",
					"@executable_path/Frameworks",
				);
				PRODUCT_BUNDLE_IDENTIFIER = "mimosa.-048";
				PRODUCT_NAME = "$(TARGET_NAME)";
				SWIFT_VERSION = 5.0;
				TARGETED_DEVICE_FAMILY = "1,2";
			};
			name = Release;
		};
/* End XCBuildConfiguration section */

/* Begin XCConfigurationList section */
		1B8B58602400FF7A0085293A /* Build configuration list for PBXProject "2048" */ = {
			isa = XCConfigurationList;
			buildConfigurations = (
				1B8B58772400FF7D0085293A /* Debug */,
				1B8B58782400FF7D0085293A /* Release */,
			);
			defaultConfigurationIsVisible = 0;
			defaultConfigurationName = Release;
		};
		1B8B58792400FF7D0085293A /* Build configuration list for PBXNativeTarget "2048" */ = {
			isa = XCConfigurationList;
			buildConfigurations = (
				1B8B587A2400FF7D0085293A /* Debug */,
				1B8B587B2400FF7D0085293A /* Release */,
			);
			defaultConfigurationIsVisible = 0;
			defaultConfigurationName = Release;
		};
/* End XCConfigurationList section */
	};
	rootObject = 1B8B585D2400FF7A0085293A /* Project object */;
}
